PODS:
  - Alamofire (4.7.0)
  - AlamofireImage (3.3.0):
    - Alamofire (~> 4.5)
  - AlamofireObjectMapper (5.0.0):
    - Alamofire (~> 4.1)
    - ObjectMapper (~> 3.0)
  - AXPhotoViewer (1.3.6):
    - AXPhotoViewer/Lite (= 1.3.6)
  - AXPhotoViewer/Core (1.3.6):
    - AXStateButton (>= 1.1.3)
    - FLAnimatedImage (>= 1.0.0)
  - AXPhotoViewer/Lite (1.3.6):
    - AXPhotoViewer/Core
  - AXStateButton (1.1.4)
  - DataBindSwift (0.1.0):
    - Kingfisher
  - DropDown (2.3.1)
  - FLAnimatedImage (1.0.12)
  - GrowingTextView (0.5.5)
  - ISOnDemandCollectionView (0.1.0)
  - ISOnDemandTableView (2.0.0)
  - ISScrollViewPageSwift (1.0.0)
  - Kingfisher (4.6.3)
  - NVActivityIndicatorView (4.1.1):
    - NVActivityIndicatorView/Presenter (= 4.1.1)
  - NVActivityIndicatorView/Presenter (4.1.1)
  - ObjectMapper (3.1.0)
  - SlideMenuControllerSwift (4.0.0)
  - TagListView (1.3.0)
  - TPKeyboardAvoiding (1.3.2)

DEPENDENCIES:
  - Alamofire
  - AlamofireImage (~> 3.3)
  - AlamofireObjectMapper
  - AXPhotoViewer
  - DataBindSwift (from `https://github.com/Ilhasoft/DataBindSwift`)
  - DropDown
  - GrowingTextView
  - ISOnDemandCollectionView (from `https://github.com/Ilhasoft/ISOnDemandCollectionView`)
  - ISOnDemandTableView (from `https://github.com/Ilhasoft/ISOnDemandTableView`)
  - ISScrollViewPageSwift
  - NVActivityIndicatorView
  - ObjectMapper
  - SlideMenuControllerSwift
  - TagListView
  - TPKeyboardAvoiding

EXTERNAL SOURCES:
  DataBindSwift:
    :git: https://github.com/Ilhasoft/DataBindSwift
  ISOnDemandCollectionView:
    :git: https://github.com/Ilhasoft/ISOnDemandCollectionView
  ISOnDemandTableView:
    :git: https://github.com/Ilhasoft/ISOnDemandTableView

CHECKOUT OPTIONS:
  DataBindSwift:
    :commit: 0b42b67cb37b9aa18a35a512a490a452e15b7f2f
    :git: https://github.com/Ilhasoft/DataBindSwift
  ISOnDemandCollectionView:
    :commit: 57ee064490de8498dfcfcf6454e5955525c0ae22
    :git: https://github.com/Ilhasoft/ISOnDemandCollectionView
  ISOnDemandTableView:
    :commit: 85f81cff0f758e8ee69eabf8c776d194df78123d
    :git: https://github.com/Ilhasoft/ISOnDemandTableView

SPEC CHECKSUMS:
  Alamofire: 907e0a98eb68cdb7f9d1f541a563d6ac5dc77b25
  AlamofireImage: 2e784dc5d00f04903a52c1d169181469c805c3df
  AlamofireObjectMapper: 5fafc816351cbbc0d486611aaeba7461c0cbad49
  AXPhotoViewer: f1edb13f8116f57e67c5f2a6484acd9f8a54d263
  AXStateButton: 6c515a433e37551505046429b5be04c12daa8c07
  DataBindSwift: f59e441ff2596f2fb7ab200591e5c791df13a1b2
  DropDown: 20499c7b2731b0d21609af924e47c7677a2be50d
  FLAnimatedImage: 4a0b56255d9b05f18b6dd7ee06871be5d3b89e31
  GrowingTextView: 8ea0aa547c567521ab066452c12784a460ff6e8d
  ISOnDemandCollectionView: e6e1c3005b00115f1a7f721eaa3d843ee56b4d2b
  ISOnDemandTableView: 187f5222845f7762fc0e584c00cfa7d9e9dc87a4
  ISScrollViewPageSwift: 0f4b7957b3e0f52a37ac8d05d0c2f14da221093c
  Kingfisher: 98e6d5b5e807645743e8ed5ececd25d688d38452
  NVActivityIndicatorView: 60109b9bf46efc2e71ab81453196ccdfdfeea870
  ObjectMapper: 20505058f54e5c3ca69e1d6de9897d152a5369a6
  SlideMenuControllerSwift: 021d6318201c53d4d4d3710517d43d6c556c7dd0
  TagListView: 669f7d4455003c877655875d34829731c4191528
  TPKeyboardAvoiding: cb69d5ddbe90ce0170e4bc2db1e5e41d4a3ad9a4

PODFILE CHECKSUM: 2fabfc163d57a2a89648f47bc783c9be92b3a077

COCOAPODS: 1.4.0
