// !$*UTF8*$!
{
	archiveVersion = 1;
	classes = {
	};
	objectVersion = 48;
	objects = {

/* Begin PBXBuildFile section */
		0103F5A5205861380093E0F5 /* VOYReportDetailPresenter.swift in Sources */ = {isa = PBXBuildFile; fileRef = 0103F5A4205861380093E0F5 /* VOYReportDetailPresenter.swift */; };
		0103F5A7205861960093E0F5 /* VOYReportDetailContract.swift in Sources */ = {isa = PBXBuildFile; fileRef = 0103F5A6205861960093E0F5 /* VOYReportDetailContract.swift */; };
		010D1415205C5A6F0048182D /* VoyTests.swift in Sources */ = {isa = PBXBuildFile; fileRef = 010D1414205C5A6F0048182D /* VoyTests.swift */; };
		01609EFF205AD848008735EB /* VOYAddReportAttachPresenter.swift in Sources */ = {isa = PBXBuildFile; fileRef = 01609EFE205AD848008735EB /* VOYAddReportAttachPresenter.swift */; };
		01EBF715204EB7D800D4EF10 /* UIFont.swift in Sources */ = {isa = PBXBuildFile; fileRef = 01EBF714204EB7D800D4EF10 /* UIFont.swift */; };
		01EBF718204F216200D4EF10 /* Localizable.strings in Resources */ = {isa = PBXBuildFile; fileRef = 01EBF71A204F216200D4EF10 /* Localizable.strings */; };
		01EBF71C204F295600D4EF10 /* VOYLocalizable.swift in Sources */ = {isa = PBXBuildFile; fileRef = 01EBF71B204F295600D4EF10 /* VOYLocalizable.swift */; };
		01EBF7222051C44A00D4EF10 /* VOYNetworkClient.swift in Sources */ = {isa = PBXBuildFile; fileRef = 01EBF7212051C44A00D4EF10 /* VOYNetworkClient.swift */; };
		01EBF72F2053160E00D4EF10 /* VOYReportListPresenter.swift in Sources */ = {isa = PBXBuildFile; fileRef = 01EBF72E2053160E00D4EF10 /* VOYReportListPresenter.swift */; };
		01EBF7312053162400D4EF10 /* VOYReportListContract.swift in Sources */ = {isa = PBXBuildFile; fileRef = 01EBF7302053162400D4EF10 /* VOYReportListContract.swift */; };
		433DE1C62052AD0C00966BE1 /* VOYNotificationDataSource.swift in Sources */ = {isa = PBXBuildFile; fileRef = 433DE1C42052AD0C00966BE1 /* VOYNotificationDataSource.swift */; };
		433DE1C72052AD0C00966BE1 /* VOYNotificationRepository.swift in Sources */ = {isa = PBXBuildFile; fileRef = 433DE1C52052AD0C00966BE1 /* VOYNotificationRepository.swift */; };
		433DE1C92052C33C00966BE1 /* VOYNotification.swift in Sources */ = {isa = PBXBuildFile; fileRef = 433DE1C82052C33C00966BE1 /* VOYNotification.swift */; };
		436C9936204991ED00915A13 /* VOYReachability.swift in Sources */ = {isa = PBXBuildFile; fileRef = 436C9935204991ED00915A13 /* VOYReachability.swift */; };
		436C9938204992A200915A13 /* VOYReachabilityImpl.swift in Sources */ = {isa = PBXBuildFile; fileRef = 436C9937204992A200915A13 /* VOYReachabilityImpl.swift */; };
		436C993B204996A300915A13 /* VOYLoginDataSource.swift in Sources */ = {isa = PBXBuildFile; fileRef = 436C9939204996A300915A13 /* VOYLoginDataSource.swift */; };
		436C993C204996A300915A13 /* VOYLoginRepository.swift in Sources */ = {isa = PBXBuildFile; fileRef = 436C993A204996A300915A13 /* VOYLoginRepository.swift */; };
		436C993E2049979900915A13 /* VOYAccountContract.swift in Sources */ = {isa = PBXBuildFile; fileRef = 436C993D2049979900915A13 /* VOYAccountContract.swift */; };
		436C9940204997F100915A13 /* VOYAccountPresenter.swift in Sources */ = {isa = PBXBuildFile; fileRef = 436C993F204997F100915A13 /* VOYAccountPresenter.swift */; };
		436C99432049989800915A13 /* VOYAccountDataSource.swift in Sources */ = {isa = PBXBuildFile; fileRef = 436C99422049989800915A13 /* VOYAccountDataSource.swift */; };
		436C994520499A4400915A13 /* VOYAccountRepository.swift in Sources */ = {isa = PBXBuildFile; fileRef = 436C994420499A4400915A13 /* VOYAccountRepository.swift */; };
		436C99492049BB1900915A13 /* VOYThemeListDataSource.swift in Sources */ = {isa = PBXBuildFile; fileRef = 436C99482049BB1900915A13 /* VOYThemeListDataSource.swift */; };
		436C994B2049BB2D00915A13 /* VOYThemeListRepository.swift in Sources */ = {isa = PBXBuildFile; fileRef = 436C994A2049BB2D00915A13 /* VOYThemeListRepository.swift */; };
		436C994D2049BC0600915A13 /* VOYThemeListPresenter.swift in Sources */ = {isa = PBXBuildFile; fileRef = 436C994C2049BC0600915A13 /* VOYThemeListPresenter.swift */; };
		436C994F2049BC2800915A13 /* VOYThemeListContract.swift in Sources */ = {isa = PBXBuildFile; fileRef = 436C994E2049BC2800915A13 /* VOYThemeListContract.swift */; };
		436C99562049D74E00915A13 /* VOYCommentDataSource.swift in Sources */ = {isa = PBXBuildFile; fileRef = 436C99552049D74E00915A13 /* VOYCommentDataSource.swift */; };
		436C99582049D76600915A13 /* VOYCommentRepository.swift in Sources */ = {isa = PBXBuildFile; fileRef = 436C99572049D76600915A13 /* VOYCommentRepository.swift */; };
		436C995A2049D79800915A13 /* VOYCommentContract.swift in Sources */ = {isa = PBXBuildFile; fileRef = 436C99592049D79800915A13 /* VOYCommentContract.swift */; };
		436C995C2049D7B000915A13 /* VOYCommentPresenter.swift in Sources */ = {isa = PBXBuildFile; fileRef = 436C995B2049D7B000915A13 /* VOYCommentPresenter.swift */; };
		4371B68C204F1D6300D83454 /* VOYAddReportRepository.swift in Sources */ = {isa = PBXBuildFile; fileRef = 4371B68B204F1D6300D83454 /* VOYAddReportRepository.swift */; };
		4371B68E204F1D8300D83454 /* VOYMediaFileRepository.swift in Sources */ = {isa = PBXBuildFile; fileRef = 4371B68D204F1D8300D83454 /* VOYMediaFileRepository.swift */; };
		4371B690204F1D9E00D83454 /* VOYAddReportDataSource.swift in Sources */ = {isa = PBXBuildFile; fileRef = 4371B68F204F1D9E00D83454 /* VOYAddReportDataSource.swift */; };
		4371B692204F1DB700D83454 /* VOYMediaFileDataSource.swift in Sources */ = {isa = PBXBuildFile; fileRef = 4371B691204F1DB700D83454 /* VOYMediaFileDataSource.swift */; };
		4371B694204F256300D83454 /* VOYAddReportTagsPresenter.swift in Sources */ = {isa = PBXBuildFile; fileRef = 4371B693204F256300D83454 /* VOYAddReportTagsPresenter.swift */; };
		4371B696204F257600D83454 /* VOYAddReportTagsContract.swift in Sources */ = {isa = PBXBuildFile; fileRef = 4371B695204F257600D83454 /* VOYAddReportTagsContract.swift */; };
		4376E765205163B700F83FF5 /* VOYAddReportAttachContract.swift in Sources */ = {isa = PBXBuildFile; fileRef = 4376E764205163B700F83FF5 /* VOYAddReportAttachContract.swift */; };
		4376E78F2051C83100F83FF5 /* VOYNotificationPresenter.swift in Sources */ = {isa = PBXBuildFile; fileRef = 4376E78E2051C83100F83FF5 /* VOYNotificationPresenter.swift */; };
		4376E7912051C8D800F83FF5 /* VOYNotificationContract.swift in Sources */ = {isa = PBXBuildFile; fileRef = 4376E7902051C8D800F83FF5 /* VOYNotificationContract.swift */; };
		4376E7992051C9C300F83FF5 /* VOYNotificationTableViewCell.swift in Sources */ = {isa = PBXBuildFile; fileRef = 4376E7972051C9C300F83FF5 /* VOYNotificationTableViewCell.swift */; };
		4376E79A2051C9C300F83FF5 /* VOYNotificationTableViewCell.xib in Resources */ = {isa = PBXBuildFile; fileRef = 4376E7982051C9C300F83FF5 /* VOYNotificationTableViewCell.xib */; };
		437BD1A620487C8F00EC5661 /* VOYLoginPresenter.swift in Sources */ = {isa = PBXBuildFile; fileRef = 437BD1A520487C8F00EC5661 /* VOYLoginPresenter.swift */; };
		437BD1AD2048891300EC5661 /* VOYLoginContract.swift in Sources */ = {isa = PBXBuildFile; fileRef = 437BD1AC2048891300EC5661 /* VOYLoginContract.swift */; };
		655BD1222020E4FA00D69EA2 /* UIColor.swift in Sources */ = {isa = PBXBuildFile; fileRef = 655BD1212020E4FA00D69EA2 /* UIColor.swift */; };
		655BD1262020F3C100D69EA2 /* VOYAlertViewController.swift in Sources */ = {isa = PBXBuildFile; fileRef = 655BD1242020F3C100D69EA2 /* VOYAlertViewController.swift */; };
		655BD1272020F3C100D69EA2 /* VOYAlertViewController.xib in Resources */ = {isa = PBXBuildFile; fileRef = 655BD1252020F3C100D69EA2 /* VOYAlertViewController.xib */; };
		655BD1292020F53400D69EA2 /* ISModalViewController.swift in Sources */ = {isa = PBXBuildFile; fileRef = 655BD1282020F53400D69EA2 /* ISModalViewController.swift */; };
		655BD12F2021148800D69EA2 /* VOYAddReportAttachViewController.swift in Sources */ = {isa = PBXBuildFile; fileRef = 655BD12D2021148800D69EA2 /* VOYAddReportAttachViewController.swift */; };
		655BD1302021148800D69EA2 /* VOYAddReportAttachViewController.xib in Resources */ = {isa = PBXBuildFile; fileRef = 655BD12E2021148800D69EA2 /* VOYAddReportAttachViewController.xib */; };
		655BD133202118CB00D69EA2 /* VOYAddMediaView.swift in Sources */ = {isa = PBXBuildFile; fileRef = 655BD131202118CB00D69EA2 /* VOYAddMediaView.swift */; };
		655BD134202118CB00D69EA2 /* VOYAddMediaView.xib in Resources */ = {isa = PBXBuildFile; fileRef = 655BD132202118CB00D69EA2 /* VOYAddMediaView.xib */; };
		655BD13720220D5000D69EA2 /* VOYActionSheetViewController.swift in Sources */ = {isa = PBXBuildFile; fileRef = 655BD13520220D5000D69EA2 /* VOYActionSheetViewController.swift */; };
		655BD13820220D5000D69EA2 /* VOYActionSheetViewController.xib in Resources */ = {isa = PBXBuildFile; fileRef = 655BD13620220D5000D69EA2 /* VOYActionSheetViewController.xib */; };
		655BD13B2022396700D69EA2 /* VOYAddReportDataViewController.swift in Sources */ = {isa = PBXBuildFile; fileRef = 655BD1392022396700D69EA2 /* VOYAddReportDataViewController.swift */; };
		655BD13C2022396700D69EA2 /* VOYAddReportDataViewController.xib in Resources */ = {isa = PBXBuildFile; fileRef = 655BD13A2022396700D69EA2 /* VOYAddReportDataViewController.xib */; };
		655BD1402022439000D69EA2 /* VOYLinkTableViewCell.swift in Sources */ = {isa = PBXBuildFile; fileRef = 655BD13E2022439000D69EA2 /* VOYLinkTableViewCell.swift */; };
		655BD1412022439000D69EA2 /* VOYLinkTableViewCell.xib in Resources */ = {isa = PBXBuildFile; fileRef = 655BD13F2022439000D69EA2 /* VOYLinkTableViewCell.xib */; };
		655BD14420233FEB00D69EA2 /* VOYAddReportTagsViewController.swift in Sources */ = {isa = PBXBuildFile; fileRef = 655BD14220233FEB00D69EA2 /* VOYAddReportTagsViewController.swift */; };
		655BD14520233FEB00D69EA2 /* VOYAddReportTagsViewController.xib in Resources */ = {isa = PBXBuildFile; fileRef = 655BD14320233FEB00D69EA2 /* VOYAddReportTagsViewController.xib */; };
		655BD14720234A4A00D69EA2 /* VOYConstant.swift in Sources */ = {isa = PBXBuildFile; fileRef = 655BD14620234A4A00D69EA2 /* VOYConstant.swift */; };
		655BD14A20237BD100D69EA2 /* VOYInfoView.swift in Sources */ = {isa = PBXBuildFile; fileRef = 655BD14820237BD100D69EA2 /* VOYInfoView.swift */; };
		655BD14B20237BD100D69EA2 /* VOYInfoView.xib in Resources */ = {isa = PBXBuildFile; fileRef = 655BD14920237BD100D69EA2 /* VOYInfoView.xib */; };
		655BD14E20237EC600D69EA2 /* VOYAddReportSuccessViewController.swift in Sources */ = {isa = PBXBuildFile; fileRef = 655BD14C20237EC600D69EA2 /* VOYAddReportSuccessViewController.swift */; };
		655BD14F20237EC600D69EA2 /* VOYAddReportSuccessViewController.xib in Resources */ = {isa = PBXBuildFile; fileRef = 655BD14D20237EC600D69EA2 /* VOYAddReportSuccessViewController.xib */; };
		655BD15820238B1000D69EA2 /* VOYThemeTableViewCell.xib in Resources */ = {isa = PBXBuildFile; fileRef = 655BD15620238B0F00D69EA2 /* VOYThemeTableViewCell.xib */; };
		655BD15920238B1000D69EA2 /* VOYThemeTableViewCell.swift in Sources */ = {isa = PBXBuildFile; fileRef = 655BD15720238B0F00D69EA2 /* VOYThemeTableViewCell.swift */; };
		655BD15C20238D4500D69EA2 /* VOYThemeListViewController.swift in Sources */ = {isa = PBXBuildFile; fileRef = 655BD15A20238D4500D69EA2 /* VOYThemeListViewController.swift */; };
		655BD15D20238D4500D69EA2 /* VOYThemeListViewController.xib in Resources */ = {isa = PBXBuildFile; fileRef = 655BD15B20238D4500D69EA2 /* VOYThemeListViewController.xib */; };
		655BD1632023989600D69EA2 /* VOYNotificationViewController.swift in Sources */ = {isa = PBXBuildFile; fileRef = 655BD1612023989600D69EA2 /* VOYNotificationViewController.swift */; };
		655BD1642023989600D69EA2 /* VOYNotificationViewController.xib in Resources */ = {isa = PBXBuildFile; fileRef = 655BD1622023989600D69EA2 /* VOYNotificationViewController.xib */; };
		655BD16920248C6C00D69EA2 /* VOYSelectedReportView.swift in Sources */ = {isa = PBXBuildFile; fileRef = 655BD16720248C6C00D69EA2 /* VOYSelectedReportView.swift */; };
		655BD16A20248C6C00D69EA2 /* VOYSelectedReportView.xib in Resources */ = {isa = PBXBuildFile; fileRef = 655BD16820248C6C00D69EA2 /* VOYSelectedReportView.xib */; };
		655BD16E2024CC5F00D69EA2 /* VOYReportListViewController.swift in Sources */ = {isa = PBXBuildFile; fileRef = 655BD16C2024CC5F00D69EA2 /* VOYReportListViewController.swift */; };
		655BD16F2024CC5F00D69EA2 /* VOYReportListViewController.xib in Resources */ = {isa = PBXBuildFile; fileRef = 655BD16D2024CC5F00D69EA2 /* VOYReportListViewController.xib */; };
		655BD1732024CE6500D69EA2 /* VOYReportTableViewCell.swift in Sources */ = {isa = PBXBuildFile; fileRef = 655BD1712024CE6500D69EA2 /* VOYReportTableViewCell.swift */; };
		655BD1742024CE6500D69EA2 /* VOYReportTableViewCell.xib in Resources */ = {isa = PBXBuildFile; fileRef = 655BD1722024CE6500D69EA2 /* VOYReportTableViewCell.xib */; };
		655BD17C2024E74B00D69EA2 /* VOYAccountViewController.swift in Sources */ = {isa = PBXBuildFile; fileRef = 655BD17A2024E74B00D69EA2 /* VOYAccountViewController.swift */; };
		655BD17D2024E74B00D69EA2 /* VOYAccountViewController.xib in Resources */ = {isa = PBXBuildFile; fileRef = 655BD17B2024E74B00D69EA2 /* VOYAccountViewController.xib */; };
		655BD1852024F87100D69EA2 /* VOYAvatarCollectionViewCell.swift in Sources */ = {isa = PBXBuildFile; fileRef = 655BD1832024F87100D69EA2 /* VOYAvatarCollectionViewCell.swift */; };
		655BD1862024F87100D69EA2 /* VOYAvatarCollectionViewCell.xib in Resources */ = {isa = PBXBuildFile; fileRef = 655BD1842024F87100D69EA2 /* VOYAvatarCollectionViewCell.xib */; };
		655BD1882024FFD700D69EA2 /* VOYAvatarCollectionViewProvider.swift in Sources */ = {isa = PBXBuildFile; fileRef = 655BD1872024FFD700D69EA2 /* VOYAvatarCollectionViewProvider.swift */; };
		655BD18A2028841100D69EA2 /* UIViewController.swift in Sources */ = {isa = PBXBuildFile; fileRef = 655BD1892028841000D69EA2 /* UIViewController.swift */; };
		655BD18D202885C800D69EA2 /* VOYReportDetailViewController.swift in Sources */ = {isa = PBXBuildFile; fileRef = 655BD18B202885C800D69EA2 /* VOYReportDetailViewController.swift */; };
		655BD18E202885C800D69EA2 /* VOYReportDetailViewController.xib in Resources */ = {isa = PBXBuildFile; fileRef = 655BD18C202885C800D69EA2 /* VOYReportDetailViewController.xib */; };
		655BD1912028C50400D69EA2 /* VOYPlayMediaView.swift in Sources */ = {isa = PBXBuildFile; fileRef = 655BD18F2028C50400D69EA2 /* VOYPlayMediaView.swift */; };
		655BD1922028C50400D69EA2 /* VOYPlayMediaView.xib in Resources */ = {isa = PBXBuildFile; fileRef = 655BD1902028C50400D69EA2 /* VOYPlayMediaView.xib */; };
		655BD1972028ECB800D69EA2 /* VOYCommentTableViewCell.swift in Sources */ = {isa = PBXBuildFile; fileRef = 655BD1952028ECB700D69EA2 /* VOYCommentTableViewCell.swift */; };
		655BD1982028ECB800D69EA2 /* VOYCommentTableViewCell.xib in Resources */ = {isa = PBXBuildFile; fileRef = 655BD1962028ECB800D69EA2 /* VOYCommentTableViewCell.xib */; };
		655BD19B2028ECFC00D69EA2 /* VOYCommentViewController.swift in Sources */ = {isa = PBXBuildFile; fileRef = 655BD1992028ECFC00D69EA2 /* VOYCommentViewController.swift */; };
		655BD19C2028ECFC00D69EA2 /* VOYCommentViewController.xib in Resources */ = {isa = PBXBuildFile; fileRef = 655BD19A2028ECFC00D69EA2 /* VOYCommentViewController.xib */; };
		6565FBE4202CB7D30047F8D8 /* VOYMedia.swift in Sources */ = {isa = PBXBuildFile; fileRef = 6565FBE3202CB7D30047F8D8 /* VOYMedia.swift */; };
		657C3F6E203768D90077F07B /* VOYLocationManager.swift in Sources */ = {isa = PBXBuildFile; fileRef = 657C3F6D203768D90077F07B /* VOYLocationManager.swift */; };
		657C3F72203B71DC0077F07B /* ISVideoUtil.swift in Sources */ = {isa = PBXBuildFile; fileRef = 657C3F71203B71DC0077F07B /* ISVideoUtil.swift */; };
		657C3F74203B72990077F07B /* VOYAddReportAttachViewCameraExtension.swift in Sources */ = {isa = PBXBuildFile; fileRef = 657C3F73203B72990077F07B /* VOYAddReportAttachViewCameraExtension.swift */; };
		657C3F76203B762A0077F07B /* VOYCameraData.swift in Sources */ = {isa = PBXBuildFile; fileRef = 657C3F75203B762A0077F07B /* VOYCameraData.swift */; };
		65AF37F4202E0ED400D64CE4 /* VOYProject.swift in Sources */ = {isa = PBXBuildFile; fileRef = 65AF37F3202E0ED400D64CE4 /* VOYProject.swift */; };
		65AF37F6202E105400D64CE4 /* VOYUser.swift in Sources */ = {isa = PBXBuildFile; fileRef = 65AF37F5202E105400D64CE4 /* VOYUser.swift */; };
		65AF37FA202E15B600D64CE4 /* UserDefaultsExtension.swift in Sources */ = {isa = PBXBuildFile; fileRef = 65AF37F9202E15B600D64CE4 /* UserDefaultsExtension.swift */; };
		65AF3805202E406100D64CE4 /* DataBindScrollViewPageSwift.swift in Sources */ = {isa = PBXBuildFile; fileRef = 65AF3804202E406100D64CE4 /* DataBindScrollViewPageSwift.swift */; };
		65B0F58220447D3300237088 /* VOYComment.swift in Sources */ = {isa = PBXBuildFile; fileRef = 65B0F58120447D3300237088 /* VOYComment.swift */; };
		65B2EAD5203C97A500BD84C6 /* DataBindGrowingTextView.swift in Sources */ = {isa = PBXBuildFile; fileRef = 65B2EAD4203C97A500BD84C6 /* DataBindGrowingTextView.swift */; };
		65B2EAE7203DC2ED00BD84C6 /* VOYReportStorageManager.swift in Sources */ = {isa = PBXBuildFile; fileRef = 65B2EAE6203DC2ED00BD84C6 /* VOYReportStorageManager.swift */; };
		65C7B5DF202B4D3A003087EB /* VOYTheme.swift in Sources */ = {isa = PBXBuildFile; fileRef = 65C7B5DE202B4D3A003087EB /* VOYTheme.swift */; };
		65C7B5ED202B948E003087EB /* VOYReport.swift in Sources */ = {isa = PBXBuildFile; fileRef = 65C7B5EC202B948E003087EB /* VOYReport.swift */; };
		65CA064F203C5C67009A936A /* DataBindOnDemandTableViewCell.swift in Sources */ = {isa = PBXBuildFile; fileRef = 65CA064B203C5C66009A936A /* DataBindOnDemandTableViewCell.swift */; };
		65CA0650203C5C67009A936A /* DataBindOnDemandTableView.swift in Sources */ = {isa = PBXBuildFile; fileRef = 65CA064C203C5C66009A936A /* DataBindOnDemandTableView.swift */; };
		65CA0651203C5C67009A936A /* DataBindRestConfiguration.swift in Sources */ = {isa = PBXBuildFile; fileRef = 65CA064D203C5C66009A936A /* DataBindRestConfiguration.swift */; };
		65CA0652203C5C67009A936A /* DataBindOnDemandTableViewInteractor.swift in Sources */ = {isa = PBXBuildFile; fileRef = 65CA064E203C5C67009A936A /* DataBindOnDemandTableViewInteractor.swift */; };
		65D73B50203DF45E0055F1A8 /* VOYReportSyncManager.swift in Sources */ = {isa = PBXBuildFile; fileRef = 65D73B4F203DF45E0055F1A8 /* VOYReportSyncManager.swift */; };
		65D73B52203DF7A00055F1A8 /* String.swift in Sources */ = {isa = PBXBuildFile; fileRef = 65D73B51203DF7A00055F1A8 /* String.swift */; };
		65D73B56203EEF400055F1A8 /* UIView.swift in Sources */ = {isa = PBXBuildFile; fileRef = 65D73B55203EEF400055F1A8 /* UIView.swift */; };
		65D73B58203EF4280055F1A8 /* VOYFileUtil.swift in Sources */ = {isa = PBXBuildFile; fileRef = 65D73B57203EF4280055F1A8 /* VOYFileUtil.swift */; };
		65D73B5A203EF9A00055F1A8 /* VOYCameraDataStorageManager.swift in Sources */ = {isa = PBXBuildFile; fileRef = 65D73B59203EF9A00055F1A8 /* VOYCameraDataStorageManager.swift */; };
		65D73B5F204046840055F1A8 /* VOYMediaDownloadManager.swift in Sources */ = {isa = PBXBuildFile; fileRef = 65D73B5E204046840055F1A8 /* VOYMediaDownloadManager.swift */; };
		65F346072020A87A00AC5437 /* AppDelegate.swift in Sources */ = {isa = PBXBuildFile; fileRef = 65F346062020A87A00AC5437 /* AppDelegate.swift */; };
		65F3460E2020A87A00AC5437 /* Assets.xcassets in Resources */ = {isa = PBXBuildFile; fileRef = 65F3460D2020A87A00AC5437 /* Assets.xcassets */; };
		65F346112020A87A00AC5437 /* LaunchScreen.storyboard in Resources */ = {isa = PBXBuildFile; fileRef = 65F3460F2020A87A00AC5437 /* LaunchScreen.storyboard */; };
		65F3463D2020B58A00AC5437 /* VOYLoginViewController.swift in Sources */ = {isa = PBXBuildFile; fileRef = 65F3463B2020B58A00AC5437 /* VOYLoginViewController.swift */; };
		65F3463E2020B58A00AC5437 /* VOYLoginViewController.xib in Resources */ = {isa = PBXBuildFile; fileRef = 65F3463C2020B58A00AC5437 /* VOYLoginViewController.xib */; };
		65F346422020B82B00AC5437 /* VOYTextFieldView.swift in Sources */ = {isa = PBXBuildFile; fileRef = 65F346402020B82B00AC5437 /* VOYTextFieldView.swift */; };
		65F346432020B82B00AC5437 /* VOYTextFieldView.xib in Resources */ = {isa = PBXBuildFile; fileRef = 65F346412020B82B00AC5437 /* VOYTextFieldView.xib */; };
		65F699492028FAE400BFCF0C /* ISOndemandTableView.swift in Sources */ = {isa = PBXBuildFile; fileRef = 65F699482028FAE400BFCF0C /* ISOndemandTableView.swift */; };
		65F6994C202A1CB400BFCF0C /* VOYTextView.swift in Sources */ = {isa = PBXBuildFile; fileRef = 65F6994A202A1CB400BFCF0C /* VOYTextView.swift */; };
		65F6994D202A1CB400BFCF0C /* VOYTextView.xib in Resources */ = {isa = PBXBuildFile; fileRef = 65F6994B202A1CB400BFCF0C /* VOYTextView.xib */; };
		799D127A523DE25275D763EF /* Pods_VoyTests.framework in Frameworks */ = {isa = PBXBuildFile; fileRef = ABF132ADC4EF1DA114732EB6 /* Pods_VoyTests.framework */; };
		7CE0EFAA68FD7879EE12CDA5 /* Pods_Voy.framework in Frameworks */ = {isa = PBXBuildFile; fileRef = 1E550C0C568807F52623837F /* Pods_Voy.framework */; };
		AF287EDC205AB65100296A22 /* VOYReportListRepository.swift in Sources */ = {isa = PBXBuildFile; fileRef = AF287EDB205AB65100296A22 /* VOYReportListRepository.swift */; };
		AF287EDE205AB66000296A22 /* VOYReportListDataSource.swift in Sources */ = {isa = PBXBuildFile; fileRef = AF287EDD205AB66000296A22 /* VOYReportListDataSource.swift */; };
/* End PBXBuildFile section */

/* Begin PBXContainerItemProxy section */
		010D1417205C5A6F0048182D /* PBXContainerItemProxy */ = {
			isa = PBXContainerItemProxy;
			containerPortal = 65F345FB2020A87A00AC5437 /* Project object */;
			proxyType = 1;
			remoteGlobalIDString = 65F346022020A87A00AC5437;
			remoteInfo = Voy;
		};
/* End PBXContainerItemProxy section */

/* Begin PBXFileReference section */
		0103F5A4205861380093E0F5 /* VOYReportDetailPresenter.swift */ = {isa = PBXFileReference; lastKnownFileType = sourcecode.swift; path = VOYReportDetailPresenter.swift; sourceTree = "<group>"; };
		0103F5A6205861960093E0F5 /* VOYReportDetailContract.swift */ = {isa = PBXFileReference; lastKnownFileType = sourcecode.swift; path = VOYReportDetailContract.swift; sourceTree = "<group>"; };
		010D1412205C5A6F0048182D /* VoyTests.xctest */ = {isa = PBXFileReference; explicitFileType = wrapper.cfbundle; includeInIndex = 0; path = VoyTests.xctest; sourceTree = BUILT_PRODUCTS_DIR; };
		010D1414205C5A6F0048182D /* VoyTests.swift */ = {isa = PBXFileReference; lastKnownFileType = sourcecode.swift; path = VoyTests.swift; sourceTree = "<group>"; };
		010D1416205C5A6F0048182D /* Info.plist */ = {isa = PBXFileReference; lastKnownFileType = text.plist.xml; path = Info.plist; sourceTree = "<group>"; };
		01609EFE205AD848008735EB /* VOYAddReportAttachPresenter.swift */ = {isa = PBXFileReference; lastKnownFileType = sourcecode.swift; path = VOYAddReportAttachPresenter.swift; sourceTree = "<group>"; };
		01EBF714204EB7D800D4EF10 /* UIFont.swift */ = {isa = PBXFileReference; lastKnownFileType = sourcecode.swift; path = UIFont.swift; sourceTree = "<group>"; };
		01EBF719204F216200D4EF10 /* en */ = {isa = PBXFileReference; lastKnownFileType = text.plist.strings; name = en; path = en.lproj/Localizable.strings; sourceTree = "<group>"; };
		01EBF71B204F295600D4EF10 /* VOYLocalizable.swift */ = {isa = PBXFileReference; lastKnownFileType = sourcecode.swift; path = VOYLocalizable.swift; sourceTree = "<group>"; };
		01EBF7212051C44A00D4EF10 /* VOYNetworkClient.swift */ = {isa = PBXFileReference; lastKnownFileType = sourcecode.swift; path = VOYNetworkClient.swift; sourceTree = "<group>"; };
		01EBF72E2053160E00D4EF10 /* VOYReportListPresenter.swift */ = {isa = PBXFileReference; lastKnownFileType = sourcecode.swift; path = VOYReportListPresenter.swift; sourceTree = "<group>"; };
		01EBF7302053162400D4EF10 /* VOYReportListContract.swift */ = {isa = PBXFileReference; lastKnownFileType = sourcecode.swift; path = VOYReportListContract.swift; sourceTree = "<group>"; };
		09E6F9A93ABF9A8CD9032B8F /* Pods-VoyTests.release.xcconfig */ = {isa = PBXFileReference; includeInIndex = 1; lastKnownFileType = text.xcconfig; name = "Pods-VoyTests.release.xcconfig"; path = "Pods/Target Support Files/Pods-VoyTests/Pods-VoyTests.release.xcconfig"; sourceTree = "<group>"; };
		1C63B2E9849D938061D8A8BB /* Pods-VoyTests.debug.xcconfig */ = {isa = PBXFileReference; includeInIndex = 1; lastKnownFileType = text.xcconfig; name = "Pods-VoyTests.debug.xcconfig"; path = "Pods/Target Support Files/Pods-VoyTests/Pods-VoyTests.debug.xcconfig"; sourceTree = "<group>"; };
		1E550C0C568807F52623837F /* Pods_Voy.framework */ = {isa = PBXFileReference; explicitFileType = wrapper.framework; includeInIndex = 0; path = Pods_Voy.framework; sourceTree = BUILT_PRODUCTS_DIR; };
		33E4711F114752F9A169B817 /* Pods_VoyUITests.framework */ = {isa = PBXFileReference; explicitFileType = wrapper.framework; includeInIndex = 0; path = Pods_VoyUITests.framework; sourceTree = BUILT_PRODUCTS_DIR; };
		433DE1C42052AD0C00966BE1 /* VOYNotificationDataSource.swift */ = {isa = PBXFileReference; fileEncoding = 4; lastKnownFileType = sourcecode.swift; path = VOYNotificationDataSource.swift; sourceTree = "<group>"; };
		433DE1C52052AD0C00966BE1 /* VOYNotificationRepository.swift */ = {isa = PBXFileReference; fileEncoding = 4; lastKnownFileType = sourcecode.swift; path = VOYNotificationRepository.swift; sourceTree = "<group>"; };
		433DE1C82052C33C00966BE1 /* VOYNotification.swift */ = {isa = PBXFileReference; lastKnownFileType = sourcecode.swift; path = VOYNotification.swift; sourceTree = "<group>"; };
		436C9935204991ED00915A13 /* VOYReachability.swift */ = {isa = PBXFileReference; lastKnownFileType = sourcecode.swift; path = VOYReachability.swift; sourceTree = "<group>"; };
		436C9937204992A200915A13 /* VOYReachabilityImpl.swift */ = {isa = PBXFileReference; lastKnownFileType = sourcecode.swift; path = VOYReachabilityImpl.swift; sourceTree = "<group>"; };
		436C9939204996A300915A13 /* VOYLoginDataSource.swift */ = {isa = PBXFileReference; fileEncoding = 4; lastKnownFileType = sourcecode.swift; path = VOYLoginDataSource.swift; sourceTree = "<group>"; };
		436C993A204996A300915A13 /* VOYLoginRepository.swift */ = {isa = PBXFileReference; fileEncoding = 4; lastKnownFileType = sourcecode.swift; path = VOYLoginRepository.swift; sourceTree = "<group>"; };
		436C993D2049979900915A13 /* VOYAccountContract.swift */ = {isa = PBXFileReference; lastKnownFileType = sourcecode.swift; path = VOYAccountContract.swift; sourceTree = "<group>"; };
		436C993F204997F100915A13 /* VOYAccountPresenter.swift */ = {isa = PBXFileReference; lastKnownFileType = sourcecode.swift; path = VOYAccountPresenter.swift; sourceTree = "<group>"; };
		436C99422049989800915A13 /* VOYAccountDataSource.swift */ = {isa = PBXFileReference; lastKnownFileType = sourcecode.swift; path = VOYAccountDataSource.swift; sourceTree = "<group>"; };
		436C994420499A4400915A13 /* VOYAccountRepository.swift */ = {isa = PBXFileReference; lastKnownFileType = sourcecode.swift; path = VOYAccountRepository.swift; sourceTree = "<group>"; };
		436C99482049BB1900915A13 /* VOYThemeListDataSource.swift */ = {isa = PBXFileReference; lastKnownFileType = sourcecode.swift; path = VOYThemeListDataSource.swift; sourceTree = "<group>"; };
		436C994A2049BB2D00915A13 /* VOYThemeListRepository.swift */ = {isa = PBXFileReference; lastKnownFileType = sourcecode.swift; path = VOYThemeListRepository.swift; sourceTree = "<group>"; };
		436C994C2049BC0600915A13 /* VOYThemeListPresenter.swift */ = {isa = PBXFileReference; lastKnownFileType = sourcecode.swift; path = VOYThemeListPresenter.swift; sourceTree = "<group>"; };
		436C994E2049BC2800915A13 /* VOYThemeListContract.swift */ = {isa = PBXFileReference; lastKnownFileType = sourcecode.swift; path = VOYThemeListContract.swift; sourceTree = "<group>"; };
		436C99552049D74E00915A13 /* VOYCommentDataSource.swift */ = {isa = PBXFileReference; lastKnownFileType = sourcecode.swift; path = VOYCommentDataSource.swift; sourceTree = "<group>"; };
		436C99572049D76600915A13 /* VOYCommentRepository.swift */ = {isa = PBXFileReference; lastKnownFileType = sourcecode.swift; path = VOYCommentRepository.swift; sourceTree = "<group>"; };
		436C99592049D79800915A13 /* VOYCommentContract.swift */ = {isa = PBXFileReference; lastKnownFileType = sourcecode.swift; path = VOYCommentContract.swift; sourceTree = "<group>"; };
		436C995B2049D7B000915A13 /* VOYCommentPresenter.swift */ = {isa = PBXFileReference; lastKnownFileType = sourcecode.swift; path = VOYCommentPresenter.swift; sourceTree = "<group>"; };
		4371B68B204F1D6300D83454 /* VOYAddReportRepository.swift */ = {isa = PBXFileReference; lastKnownFileType = sourcecode.swift; path = VOYAddReportRepository.swift; sourceTree = "<group>"; };
		4371B68D204F1D8300D83454 /* VOYMediaFileRepository.swift */ = {isa = PBXFileReference; lastKnownFileType = sourcecode.swift; path = VOYMediaFileRepository.swift; sourceTree = "<group>"; };
		4371B68F204F1D9E00D83454 /* VOYAddReportDataSource.swift */ = {isa = PBXFileReference; lastKnownFileType = sourcecode.swift; path = VOYAddReportDataSource.swift; sourceTree = "<group>"; };
		4371B691204F1DB700D83454 /* VOYMediaFileDataSource.swift */ = {isa = PBXFileReference; lastKnownFileType = sourcecode.swift; path = VOYMediaFileDataSource.swift; sourceTree = "<group>"; };
		4371B693204F256300D83454 /* VOYAddReportTagsPresenter.swift */ = {isa = PBXFileReference; lastKnownFileType = sourcecode.swift; path = VOYAddReportTagsPresenter.swift; sourceTree = "<group>"; };
		4371B695204F257600D83454 /* VOYAddReportTagsContract.swift */ = {isa = PBXFileReference; lastKnownFileType = sourcecode.swift; path = VOYAddReportTagsContract.swift; sourceTree = "<group>"; };
		4376E764205163B700F83FF5 /* VOYAddReportAttachContract.swift */ = {isa = PBXFileReference; lastKnownFileType = sourcecode.swift; path = VOYAddReportAttachContract.swift; sourceTree = "<group>"; };
		4376E78E2051C83100F83FF5 /* VOYNotificationPresenter.swift */ = {isa = PBXFileReference; lastKnownFileType = sourcecode.swift; path = VOYNotificationPresenter.swift; sourceTree = "<group>"; };
		4376E7902051C8D800F83FF5 /* VOYNotificationContract.swift */ = {isa = PBXFileReference; lastKnownFileType = sourcecode.swift; path = VOYNotificationContract.swift; sourceTree = "<group>"; };
		4376E7972051C9C300F83FF5 /* VOYNotificationTableViewCell.swift */ = {isa = PBXFileReference; lastKnownFileType = sourcecode.swift; path = VOYNotificationTableViewCell.swift; sourceTree = "<group>"; };
		4376E7982051C9C300F83FF5 /* VOYNotificationTableViewCell.xib */ = {isa = PBXFileReference; lastKnownFileType = file.xib; path = VOYNotificationTableViewCell.xib; sourceTree = "<group>"; };
		437BD1A520487C8F00EC5661 /* VOYLoginPresenter.swift */ = {isa = PBXFileReference; lastKnownFileType = sourcecode.swift; path = VOYLoginPresenter.swift; sourceTree = "<group>"; };
		437BD1AC2048891300EC5661 /* VOYLoginContract.swift */ = {isa = PBXFileReference; lastKnownFileType = sourcecode.swift; path = VOYLoginContract.swift; sourceTree = "<group>"; };
		5C5F78CC110E27296AC6C772 /* Pods-VoyUITests.release.xcconfig */ = {isa = PBXFileReference; includeInIndex = 1; lastKnownFileType = text.xcconfig; name = "Pods-VoyUITests.release.xcconfig"; path = "Pods/Target Support Files/Pods-VoyUITests/Pods-VoyUITests.release.xcconfig"; sourceTree = "<group>"; };
		655BD1212020E4FA00D69EA2 /* UIColor.swift */ = {isa = PBXFileReference; lastKnownFileType = sourcecode.swift; path = UIColor.swift; sourceTree = "<group>"; };
		655BD1242020F3C100D69EA2 /* VOYAlertViewController.swift */ = {isa = PBXFileReference; lastKnownFileType = sourcecode.swift; path = VOYAlertViewController.swift; sourceTree = "<group>"; };
		655BD1252020F3C100D69EA2 /* VOYAlertViewController.xib */ = {isa = PBXFileReference; lastKnownFileType = file.xib; path = VOYAlertViewController.xib; sourceTree = "<group>"; };
		655BD1282020F53400D69EA2 /* ISModalViewController.swift */ = {isa = PBXFileReference; fileEncoding = 4; lastKnownFileType = sourcecode.swift; path = ISModalViewController.swift; sourceTree = "<group>"; };
		655BD12D2021148800D69EA2 /* VOYAddReportAttachViewController.swift */ = {isa = PBXFileReference; lastKnownFileType = sourcecode.swift; path = VOYAddReportAttachViewController.swift; sourceTree = "<group>"; };
		655BD12E2021148800D69EA2 /* VOYAddReportAttachViewController.xib */ = {isa = PBXFileReference; lastKnownFileType = file.xib; path = VOYAddReportAttachViewController.xib; sourceTree = "<group>"; };
		655BD131202118CB00D69EA2 /* VOYAddMediaView.swift */ = {isa = PBXFileReference; lastKnownFileType = sourcecode.swift; path = VOYAddMediaView.swift; sourceTree = "<group>"; };
		655BD132202118CB00D69EA2 /* VOYAddMediaView.xib */ = {isa = PBXFileReference; lastKnownFileType = file.xib; path = VOYAddMediaView.xib; sourceTree = "<group>"; };
		655BD13520220D5000D69EA2 /* VOYActionSheetViewController.swift */ = {isa = PBXFileReference; lastKnownFileType = sourcecode.swift; path = VOYActionSheetViewController.swift; sourceTree = "<group>"; };
		655BD13620220D5000D69EA2 /* VOYActionSheetViewController.xib */ = {isa = PBXFileReference; lastKnownFileType = file.xib; path = VOYActionSheetViewController.xib; sourceTree = "<group>"; };
		655BD1392022396700D69EA2 /* VOYAddReportDataViewController.swift */ = {isa = PBXFileReference; lastKnownFileType = sourcecode.swift; path = VOYAddReportDataViewController.swift; sourceTree = "<group>"; };
		655BD13A2022396700D69EA2 /* VOYAddReportDataViewController.xib */ = {isa = PBXFileReference; lastKnownFileType = file.xib; path = VOYAddReportDataViewController.xib; sourceTree = "<group>"; };
		655BD13E2022439000D69EA2 /* VOYLinkTableViewCell.swift */ = {isa = PBXFileReference; lastKnownFileType = sourcecode.swift; path = VOYLinkTableViewCell.swift; sourceTree = "<group>"; };
		655BD13F2022439000D69EA2 /* VOYLinkTableViewCell.xib */ = {isa = PBXFileReference; lastKnownFileType = file.xib; path = VOYLinkTableViewCell.xib; sourceTree = "<group>"; };
		655BD14220233FEB00D69EA2 /* VOYAddReportTagsViewController.swift */ = {isa = PBXFileReference; lastKnownFileType = sourcecode.swift; path = VOYAddReportTagsViewController.swift; sourceTree = "<group>"; };
		655BD14320233FEB00D69EA2 /* VOYAddReportTagsViewController.xib */ = {isa = PBXFileReference; lastKnownFileType = file.xib; path = VOYAddReportTagsViewController.xib; sourceTree = "<group>"; };
		655BD14620234A4A00D69EA2 /* VOYConstant.swift */ = {isa = PBXFileReference; lastKnownFileType = sourcecode.swift; path = VOYConstant.swift; sourceTree = "<group>"; };
		655BD14820237BD100D69EA2 /* VOYInfoView.swift */ = {isa = PBXFileReference; lastKnownFileType = sourcecode.swift; path = VOYInfoView.swift; sourceTree = "<group>"; };
		655BD14920237BD100D69EA2 /* VOYInfoView.xib */ = {isa = PBXFileReference; lastKnownFileType = file.xib; path = VOYInfoView.xib; sourceTree = "<group>"; };
		655BD14C20237EC600D69EA2 /* VOYAddReportSuccessViewController.swift */ = {isa = PBXFileReference; lastKnownFileType = sourcecode.swift; path = VOYAddReportSuccessViewController.swift; sourceTree = "<group>"; };
		655BD14D20237EC600D69EA2 /* VOYAddReportSuccessViewController.xib */ = {isa = PBXFileReference; lastKnownFileType = file.xib; path = VOYAddReportSuccessViewController.xib; sourceTree = "<group>"; };
		655BD15620238B0F00D69EA2 /* VOYThemeTableViewCell.xib */ = {isa = PBXFileReference; fileEncoding = 4; lastKnownFileType = file.xib; path = VOYThemeTableViewCell.xib; sourceTree = "<group>"; };
		655BD15720238B0F00D69EA2 /* VOYThemeTableViewCell.swift */ = {isa = PBXFileReference; fileEncoding = 4; lastKnownFileType = sourcecode.swift; path = VOYThemeTableViewCell.swift; sourceTree = "<group>"; };
		655BD15A20238D4500D69EA2 /* VOYThemeListViewController.swift */ = {isa = PBXFileReference; lastKnownFileType = sourcecode.swift; path = VOYThemeListViewController.swift; sourceTree = "<group>"; };
		655BD15B20238D4500D69EA2 /* VOYThemeListViewController.xib */ = {isa = PBXFileReference; lastKnownFileType = file.xib; path = VOYThemeListViewController.xib; sourceTree = "<group>"; };
		655BD1612023989600D69EA2 /* VOYNotificationViewController.swift */ = {isa = PBXFileReference; lastKnownFileType = sourcecode.swift; path = VOYNotificationViewController.swift; sourceTree = "<group>"; };
		655BD1622023989600D69EA2 /* VOYNotificationViewController.xib */ = {isa = PBXFileReference; lastKnownFileType = file.xib; path = VOYNotificationViewController.xib; sourceTree = "<group>"; };
		655BD16720248C6C00D69EA2 /* VOYSelectedReportView.swift */ = {isa = PBXFileReference; lastKnownFileType = sourcecode.swift; path = VOYSelectedReportView.swift; sourceTree = "<group>"; };
		655BD16820248C6C00D69EA2 /* VOYSelectedReportView.xib */ = {isa = PBXFileReference; lastKnownFileType = file.xib; path = VOYSelectedReportView.xib; sourceTree = "<group>"; };
		655BD16C2024CC5F00D69EA2 /* VOYReportListViewController.swift */ = {isa = PBXFileReference; lastKnownFileType = sourcecode.swift; path = VOYReportListViewController.swift; sourceTree = "<group>"; };
		655BD16D2024CC5F00D69EA2 /* VOYReportListViewController.xib */ = {isa = PBXFileReference; lastKnownFileType = file.xib; path = VOYReportListViewController.xib; sourceTree = "<group>"; };
		655BD1712024CE6500D69EA2 /* VOYReportTableViewCell.swift */ = {isa = PBXFileReference; lastKnownFileType = sourcecode.swift; path = VOYReportTableViewCell.swift; sourceTree = "<group>"; };
		655BD1722024CE6500D69EA2 /* VOYReportTableViewCell.xib */ = {isa = PBXFileReference; lastKnownFileType = file.xib; path = VOYReportTableViewCell.xib; sourceTree = "<group>"; };
		655BD17A2024E74B00D69EA2 /* VOYAccountViewController.swift */ = {isa = PBXFileReference; lastKnownFileType = sourcecode.swift; path = VOYAccountViewController.swift; sourceTree = "<group>"; };
		655BD17B2024E74B00D69EA2 /* VOYAccountViewController.xib */ = {isa = PBXFileReference; lastKnownFileType = file.xib; path = VOYAccountViewController.xib; sourceTree = "<group>"; };
		655BD1832024F87100D69EA2 /* VOYAvatarCollectionViewCell.swift */ = {isa = PBXFileReference; lastKnownFileType = sourcecode.swift; path = VOYAvatarCollectionViewCell.swift; sourceTree = "<group>"; };
		655BD1842024F87100D69EA2 /* VOYAvatarCollectionViewCell.xib */ = {isa = PBXFileReference; lastKnownFileType = file.xib; path = VOYAvatarCollectionViewCell.xib; sourceTree = "<group>"; };
		655BD1872024FFD700D69EA2 /* VOYAvatarCollectionViewProvider.swift */ = {isa = PBXFileReference; lastKnownFileType = sourcecode.swift; path = VOYAvatarCollectionViewProvider.swift; sourceTree = "<group>"; };
		655BD1892028841000D69EA2 /* UIViewController.swift */ = {isa = PBXFileReference; lastKnownFileType = sourcecode.swift; path = UIViewController.swift; sourceTree = "<group>"; };
		655BD18B202885C800D69EA2 /* VOYReportDetailViewController.swift */ = {isa = PBXFileReference; lastKnownFileType = sourcecode.swift; path = VOYReportDetailViewController.swift; sourceTree = "<group>"; };
		655BD18C202885C800D69EA2 /* VOYReportDetailViewController.xib */ = {isa = PBXFileReference; lastKnownFileType = file.xib; path = VOYReportDetailViewController.xib; sourceTree = "<group>"; };
		655BD18F2028C50400D69EA2 /* VOYPlayMediaView.swift */ = {isa = PBXFileReference; lastKnownFileType = sourcecode.swift; path = VOYPlayMediaView.swift; sourceTree = "<group>"; };
		655BD1902028C50400D69EA2 /* VOYPlayMediaView.xib */ = {isa = PBXFileReference; lastKnownFileType = file.xib; path = VOYPlayMediaView.xib; sourceTree = "<group>"; };
		655BD1952028ECB700D69EA2 /* VOYCommentTableViewCell.swift */ = {isa = PBXFileReference; lastKnownFileType = sourcecode.swift; path = VOYCommentTableViewCell.swift; sourceTree = "<group>"; };
		655BD1962028ECB800D69EA2 /* VOYCommentTableViewCell.xib */ = {isa = PBXFileReference; lastKnownFileType = file.xib; path = VOYCommentTableViewCell.xib; sourceTree = "<group>"; };
		655BD1992028ECFC00D69EA2 /* VOYCommentViewController.swift */ = {isa = PBXFileReference; lastKnownFileType = sourcecode.swift; path = VOYCommentViewController.swift; sourceTree = "<group>"; };
		655BD19A2028ECFC00D69EA2 /* VOYCommentViewController.xib */ = {isa = PBXFileReference; lastKnownFileType = file.xib; path = VOYCommentViewController.xib; sourceTree = "<group>"; };
		6565FBE3202CB7D30047F8D8 /* VOYMedia.swift */ = {isa = PBXFileReference; lastKnownFileType = sourcecode.swift; path = VOYMedia.swift; sourceTree = "<group>"; };
		657C3F6D203768D90077F07B /* VOYLocationManager.swift */ = {isa = PBXFileReference; lastKnownFileType = sourcecode.swift; path = VOYLocationManager.swift; sourceTree = "<group>"; };
		657C3F71203B71DC0077F07B /* ISVideoUtil.swift */ = {isa = PBXFileReference; lastKnownFileType = sourcecode.swift; path = ISVideoUtil.swift; sourceTree = "<group>"; };
		657C3F73203B72990077F07B /* VOYAddReportAttachViewCameraExtension.swift */ = {isa = PBXFileReference; fileEncoding = 4; lastKnownFileType = sourcecode.swift; path = VOYAddReportAttachViewCameraExtension.swift; sourceTree = "<group>"; };
		657C3F75203B762A0077F07B /* VOYCameraData.swift */ = {isa = PBXFileReference; lastKnownFileType = sourcecode.swift; path = VOYCameraData.swift; sourceTree = "<group>"; };
		65AF37F3202E0ED400D64CE4 /* VOYProject.swift */ = {isa = PBXFileReference; lastKnownFileType = sourcecode.swift; path = VOYProject.swift; sourceTree = "<group>"; };
		65AF37F5202E105400D64CE4 /* VOYUser.swift */ = {isa = PBXFileReference; lastKnownFileType = sourcecode.swift; path = VOYUser.swift; sourceTree = "<group>"; };
		65AF37F9202E15B600D64CE4 /* UserDefaultsExtension.swift */ = {isa = PBXFileReference; lastKnownFileType = sourcecode.swift; path = UserDefaultsExtension.swift; sourceTree = "<group>"; };
		65AF3804202E406100D64CE4 /* DataBindScrollViewPageSwift.swift */ = {isa = PBXFileReference; lastKnownFileType = sourcecode.swift; path = DataBindScrollViewPageSwift.swift; sourceTree = "<group>"; };
		65B0F58120447D3300237088 /* VOYComment.swift */ = {isa = PBXFileReference; lastKnownFileType = sourcecode.swift; path = VOYComment.swift; sourceTree = "<group>"; };
		65B2EAD4203C97A500BD84C6 /* DataBindGrowingTextView.swift */ = {isa = PBXFileReference; fileEncoding = 4; lastKnownFileType = sourcecode.swift; path = DataBindGrowingTextView.swift; sourceTree = "<group>"; };
		65B2EAE6203DC2ED00BD84C6 /* VOYReportStorageManager.swift */ = {isa = PBXFileReference; lastKnownFileType = sourcecode.swift; path = VOYReportStorageManager.swift; sourceTree = "<group>"; };
		65C7B5DE202B4D3A003087EB /* VOYTheme.swift */ = {isa = PBXFileReference; lastKnownFileType = sourcecode.swift; path = VOYTheme.swift; sourceTree = "<group>"; };
		65C7B5EC202B948E003087EB /* VOYReport.swift */ = {isa = PBXFileReference; lastKnownFileType = sourcecode.swift; path = VOYReport.swift; sourceTree = "<group>"; };
		65CA064B203C5C66009A936A /* DataBindOnDemandTableViewCell.swift */ = {isa = PBXFileReference; fileEncoding = 4; lastKnownFileType = sourcecode.swift; path = DataBindOnDemandTableViewCell.swift; sourceTree = "<group>"; };
		65CA064C203C5C66009A936A /* DataBindOnDemandTableView.swift */ = {isa = PBXFileReference; fileEncoding = 4; lastKnownFileType = sourcecode.swift; path = DataBindOnDemandTableView.swift; sourceTree = "<group>"; };
		65CA064D203C5C66009A936A /* DataBindRestConfiguration.swift */ = {isa = PBXFileReference; fileEncoding = 4; lastKnownFileType = sourcecode.swift; path = DataBindRestConfiguration.swift; sourceTree = "<group>"; };
		65CA064E203C5C67009A936A /* DataBindOnDemandTableViewInteractor.swift */ = {isa = PBXFileReference; fileEncoding = 4; lastKnownFileType = sourcecode.swift; path = DataBindOnDemandTableViewInteractor.swift; sourceTree = "<group>"; };
		65D73B4F203DF45E0055F1A8 /* VOYReportSyncManager.swift */ = {isa = PBXFileReference; lastKnownFileType = sourcecode.swift; path = VOYReportSyncManager.swift; sourceTree = "<group>"; };
		65D73B51203DF7A00055F1A8 /* String.swift */ = {isa = PBXFileReference; lastKnownFileType = sourcecode.swift; path = String.swift; sourceTree = "<group>"; };
		65D73B55203EEF400055F1A8 /* UIView.swift */ = {isa = PBXFileReference; lastKnownFileType = sourcecode.swift; path = UIView.swift; sourceTree = "<group>"; };
		65D73B57203EF4280055F1A8 /* VOYFileUtil.swift */ = {isa = PBXFileReference; lastKnownFileType = sourcecode.swift; path = VOYFileUtil.swift; sourceTree = "<group>"; };
		65D73B59203EF9A00055F1A8 /* VOYCameraDataStorageManager.swift */ = {isa = PBXFileReference; lastKnownFileType = sourcecode.swift; path = VOYCameraDataStorageManager.swift; sourceTree = "<group>"; };
		65D73B5B203F03B50055F1A8 /* Voy.entitlements */ = {isa = PBXFileReference; lastKnownFileType = text.plist.entitlements; path = Voy.entitlements; sourceTree = "<group>"; };
		65D73B5E204046840055F1A8 /* VOYMediaDownloadManager.swift */ = {isa = PBXFileReference; lastKnownFileType = sourcecode.swift; path = VOYMediaDownloadManager.swift; sourceTree = "<group>"; };
		65F346032020A87A00AC5437 /* Voy.app */ = {isa = PBXFileReference; explicitFileType = wrapper.application; includeInIndex = 0; path = Voy.app; sourceTree = BUILT_PRODUCTS_DIR; };
		65F346062020A87A00AC5437 /* AppDelegate.swift */ = {isa = PBXFileReference; lastKnownFileType = sourcecode.swift; path = AppDelegate.swift; sourceTree = "<group>"; };
		65F3460D2020A87A00AC5437 /* Assets.xcassets */ = {isa = PBXFileReference; lastKnownFileType = folder.assetcatalog; path = Assets.xcassets; sourceTree = "<group>"; };
		65F346102020A87A00AC5437 /* Base */ = {isa = PBXFileReference; lastKnownFileType = file.storyboard; name = Base; path = Base.lproj/LaunchScreen.storyboard; sourceTree = "<group>"; };
		65F346122020A87A00AC5437 /* Info.plist */ = {isa = PBXFileReference; lastKnownFileType = text.plist.xml; path = Info.plist; sourceTree = "<group>"; };
		65F3463B2020B58A00AC5437 /* VOYLoginViewController.swift */ = {isa = PBXFileReference; lastKnownFileType = sourcecode.swift; path = VOYLoginViewController.swift; sourceTree = "<group>"; };
		65F3463C2020B58A00AC5437 /* VOYLoginViewController.xib */ = {isa = PBXFileReference; lastKnownFileType = file.xib; path = VOYLoginViewController.xib; sourceTree = "<group>"; };
		65F346402020B82B00AC5437 /* VOYTextFieldView.swift */ = {isa = PBXFileReference; lastKnownFileType = sourcecode.swift; path = VOYTextFieldView.swift; sourceTree = "<group>"; };
		65F346412020B82B00AC5437 /* VOYTextFieldView.xib */ = {isa = PBXFileReference; lastKnownFileType = file.xib; path = VOYTextFieldView.xib; sourceTree = "<group>"; };
		65F699482028FAE400BFCF0C /* ISOndemandTableView.swift */ = {isa = PBXFileReference; lastKnownFileType = sourcecode.swift; path = ISOndemandTableView.swift; sourceTree = "<group>"; };
		65F6994A202A1CB400BFCF0C /* VOYTextView.swift */ = {isa = PBXFileReference; lastKnownFileType = sourcecode.swift; path = VOYTextView.swift; sourceTree = "<group>"; };
		65F6994B202A1CB400BFCF0C /* VOYTextView.xib */ = {isa = PBXFileReference; lastKnownFileType = file.xib; path = VOYTextView.xib; sourceTree = "<group>"; };
		6BA92341A1C7FC405623FD46 /* Pods-VoyUITests.debug.xcconfig */ = {isa = PBXFileReference; includeInIndex = 1; lastKnownFileType = text.xcconfig; name = "Pods-VoyUITests.debug.xcconfig"; path = "Pods/Target Support Files/Pods-VoyUITests/Pods-VoyUITests.debug.xcconfig"; sourceTree = "<group>"; };
		A3774A32A2AA74A335CD6885 /* Pods-Voy.debug.xcconfig */ = {isa = PBXFileReference; includeInIndex = 1; lastKnownFileType = text.xcconfig; name = "Pods-Voy.debug.xcconfig"; path = "Pods/Target Support Files/Pods-Voy/Pods-Voy.debug.xcconfig"; sourceTree = "<group>"; };
		ABF132ADC4EF1DA114732EB6 /* Pods_VoyTests.framework */ = {isa = PBXFileReference; explicitFileType = wrapper.framework; includeInIndex = 0; path = Pods_VoyTests.framework; sourceTree = BUILT_PRODUCTS_DIR; };
		AF287EDB205AB65100296A22 /* VOYReportListRepository.swift */ = {isa = PBXFileReference; lastKnownFileType = sourcecode.swift; path = VOYReportListRepository.swift; sourceTree = "<group>"; };
		AF287EDD205AB66000296A22 /* VOYReportListDataSource.swift */ = {isa = PBXFileReference; lastKnownFileType = sourcecode.swift; path = VOYReportListDataSource.swift; sourceTree = "<group>"; };
		B50D70A526449FB3324B7983 /* Pods-Voy.release.xcconfig */ = {isa = PBXFileReference; includeInIndex = 1; lastKnownFileType = text.xcconfig; name = "Pods-Voy.release.xcconfig"; path = "Pods/Target Support Files/Pods-Voy/Pods-Voy.release.xcconfig"; sourceTree = "<group>"; };
/* End PBXFileReference section */

/* Begin PBXFrameworksBuildPhase section */
		010D140F205C5A6F0048182D /* Frameworks */ = {
			isa = PBXFrameworksBuildPhase;
			buildActionMask = 2147483647;
			files = (
				799D127A523DE25275D763EF /* Pods_VoyTests.framework in Frameworks */,
			);
			runOnlyForDeploymentPostprocessing = 0;
		};
		65F346002020A87A00AC5437 /* Frameworks */ = {
			isa = PBXFrameworksBuildPhase;
			buildActionMask = 2147483647;
			files = (
				7CE0EFAA68FD7879EE12CDA5 /* Pods_Voy.framework in Frameworks */,
			);
			runOnlyForDeploymentPostprocessing = 0;
		};
/* End PBXFrameworksBuildPhase section */

/* Begin PBXGroup section */
		010D1413205C5A6F0048182D /* VoyTests */ = {
			isa = PBXGroup;
			children = (
				010D1414205C5A6F0048182D /* VoyTests.swift */,
				010D1416205C5A6F0048182D /* Info.plist */,
			);
			path = VoyTests;
			sourceTree = "<group>";
		};
		01609EFD205AACE5008735EB /* Shared */ = {
			isa = PBXGroup;
			children = (
				01EBF7272052C34600D4EF10 /* Local */,
				01EBF7282052C35900D4EF10 /* Remote */,
			);
			name = Shared;
			path = "New Group";
			sourceTree = "<group>";
		};
		01EBF713204EB7BA00D4EF10 /* Extensions */ = {
			isa = PBXGroup;
			children = (
				65F699482028FAE400BFCF0C /* ISOndemandTableView.swift */,
				655BD1212020E4FA00D69EA2 /* UIColor.swift */,
				655BD1892028841000D69EA2 /* UIViewController.swift */,
				65D73B55203EEF400055F1A8 /* UIView.swift */,
				01EBF714204EB7D800D4EF10 /* UIFont.swift */,
				65D73B51203DF7A00055F1A8 /* String.swift */,
			);
			path = Extensions;
			sourceTree = "<group>";
		};
		01EBF71E2051C3E300D4EF10 /* Data */ = {
			isa = PBXGroup;
			children = (
				01609EFD205AACE5008735EB /* Shared */,
				433DE1C32052AC3B00966BE1 /* Notification */,
				01EBF7262051C59200D4EF10 /* AddReport */,
				AF287ED8205AB61900296A22 /* ReportList */,
				01EBF7252051C53400D4EF10 /* ThemeList */,
				01EBF7242051C51800D4EF10 /* Account */,
				01EBF7232051C4F500D4EF10 /* Comment */,
				01EBF71F2051C3FF00D4EF10 /* Login */,
			);
			path = Data;
			sourceTree = "<group>";
		};
		01EBF71F2051C3FF00D4EF10 /* Login */ = {
			isa = PBXGroup;
			children = (
				436C9939204996A300915A13 /* VOYLoginDataSource.swift */,
				436C993A204996A300915A13 /* VOYLoginRepository.swift */,
			);
			path = Login;
			sourceTree = "<group>";
		};
		01EBF7232051C4F500D4EF10 /* Comment */ = {
			isa = PBXGroup;
			children = (
				436C99552049D74E00915A13 /* VOYCommentDataSource.swift */,
				436C99572049D76600915A13 /* VOYCommentRepository.swift */,
			);
			path = Comment;
			sourceTree = "<group>";
		};
		01EBF7242051C51800D4EF10 /* Account */ = {
			isa = PBXGroup;
			children = (
				436C99422049989800915A13 /* VOYAccountDataSource.swift */,
				436C994420499A4400915A13 /* VOYAccountRepository.swift */,
			);
			path = Account;
			sourceTree = "<group>";
		};
		01EBF7252051C53400D4EF10 /* ThemeList */ = {
			isa = PBXGroup;
			children = (
				436C99482049BB1900915A13 /* VOYThemeListDataSource.swift */,
				436C994A2049BB2D00915A13 /* VOYThemeListRepository.swift */,
			);
			path = ThemeList;
			sourceTree = "<group>";
		};
		01EBF7262051C59200D4EF10 /* AddReport */ = {
			isa = PBXGroup;
			children = (
				4371B68B204F1D6300D83454 /* VOYAddReportRepository.swift */,
				4371B68D204F1D8300D83454 /* VOYMediaFileRepository.swift */,
				4371B68F204F1D9E00D83454 /* VOYAddReportDataSource.swift */,
				4371B691204F1DB700D83454 /* VOYMediaFileDataSource.swift */,
			);
			path = AddReport;
			sourceTree = "<group>";
		};
		01EBF7272052C34600D4EF10 /* Local */ = {
			isa = PBXGroup;
			children = (
				65D73B59203EF9A00055F1A8 /* VOYCameraDataStorageManager.swift */,
				65B2EAE6203DC2ED00BD84C6 /* VOYReportStorageManager.swift */,
			);
			path = Local;
			sourceTree = "<group>";
		};
		01EBF7282052C35900D4EF10 /* Remote */ = {
			isa = PBXGroup;
			children = (
				01EBF7212051C44A00D4EF10 /* VOYNetworkClient.swift */,
				65D73B5E204046840055F1A8 /* VOYMediaDownloadManager.swift */,
				65D73B4F203DF45E0055F1A8 /* VOYReportSyncManager.swift */,
				436C994620499AE400915A13 /* Reachability */,
			);
			path = Remote;
			sourceTree = "<group>";
		};
		433DE1C32052AC3B00966BE1 /* Notification */ = {
			isa = PBXGroup;
			children = (
				433DE1C42052AD0C00966BE1 /* VOYNotificationDataSource.swift */,
				433DE1C52052AD0C00966BE1 /* VOYNotificationRepository.swift */,
			);
			path = Notification;
			sourceTree = "<group>";
		};
		436C994620499AE400915A13 /* Reachability */ = {
			isa = PBXGroup;
			children = (
				436C9935204991ED00915A13 /* VOYReachability.swift */,
				436C9937204992A200915A13 /* VOYReachabilityImpl.swift */,
			);
			path = Reachability;
			sourceTree = "<group>";
		};
		4376E7962051C9A900F83FF5 /* Cell */ = {
			isa = PBXGroup;
			children = (
				4376E7972051C9C300F83FF5 /* VOYNotificationTableViewCell.swift */,
				4376E7982051C9C300F83FF5 /* VOYNotificationTableViewCell.xib */,
			);
			path = Cell;
			sourceTree = "<group>";
		};
		655BD1202020E4E500D69EA2 /* Utils */ = {
			isa = PBXGroup;
			children = (
				655BD1282020F53400D69EA2 /* ISModalViewController.swift */,
				655BD14620234A4A00D69EA2 /* VOYConstant.swift */,
				65AF37F9202E15B600D64CE4 /* UserDefaultsExtension.swift */,
				657C3F71203B71DC0077F07B /* ISVideoUtil.swift */,
				65D73B57203EF4280055F1A8 /* VOYFileUtil.swift */,
				01EBF71B204F295600D4EF10 /* VOYLocalizable.swift */,
			);
			path = Utils;
			sourceTree = "<group>";
		};
		655BD1232020F2D200D69EA2 /* Alert */ = {
			isa = PBXGroup;
			children = (
				655BD1242020F3C100D69EA2 /* VOYAlertViewController.swift */,
				655BD1252020F3C100D69EA2 /* VOYAlertViewController.xib */,
				655BD13520220D5000D69EA2 /* VOYActionSheetViewController.swift */,
				655BD13620220D5000D69EA2 /* VOYActionSheetViewController.xib */,
			);
			path = Alert;
			sourceTree = "<group>";
		};
		655BD12B202112F600D69EA2 /* ReportDetail */ = {
			isa = PBXGroup;
			children = (
				655BD18B202885C800D69EA2 /* VOYReportDetailViewController.swift */,
				655BD18C202885C800D69EA2 /* VOYReportDetailViewController.xib */,
				0103F5A4205861380093E0F5 /* VOYReportDetailPresenter.swift */,
				0103F5A6205861960093E0F5 /* VOYReportDetailContract.swift */,
			);
			path = ReportDetail;
			sourceTree = "<group>";
		};
		655BD12C202112F600D69EA2 /* AddReport */ = {
			isa = PBXGroup;
			children = (
				655BD13D2022437800D69EA2 /* Cell */,
				657C3F73203B72990077F07B /* VOYAddReportAttachViewCameraExtension.swift */,
				01609EFE205AD848008735EB /* VOYAddReportAttachPresenter.swift */,
				4376E764205163B700F83FF5 /* VOYAddReportAttachContract.swift */,
				655BD12D2021148800D69EA2 /* VOYAddReportAttachViewController.swift */,
				655BD12E2021148800D69EA2 /* VOYAddReportAttachViewController.xib */,
				655BD1392022396700D69EA2 /* VOYAddReportDataViewController.swift */,
				655BD13A2022396700D69EA2 /* VOYAddReportDataViewController.xib */,
				655BD14220233FEB00D69EA2 /* VOYAddReportTagsViewController.swift */,
				655BD14320233FEB00D69EA2 /* VOYAddReportTagsViewController.xib */,
				655BD14C20237EC600D69EA2 /* VOYAddReportSuccessViewController.swift */,
				655BD14D20237EC600D69EA2 /* VOYAddReportSuccessViewController.xib */,
				4371B693204F256300D83454 /* VOYAddReportTagsPresenter.swift */,
				4371B695204F257600D83454 /* VOYAddReportTagsContract.swift */,
			);
			path = AddReport;
			sourceTree = "<group>";
		};
		655BD13D2022437800D69EA2 /* Cell */ = {
			isa = PBXGroup;
			children = (
				655BD13E2022439000D69EA2 /* VOYLinkTableViewCell.swift */,
				655BD13F2022439000D69EA2 /* VOYLinkTableViewCell.xib */,
			);
			path = Cell;
			sourceTree = "<group>";
		};
		655BD15020238AD800D69EA2 /* ThemeList */ = {
			isa = PBXGroup;
			children = (
				655BD15520238B0F00D69EA2 /* Cell */,
				655BD15A20238D4500D69EA2 /* VOYThemeListViewController.swift */,
				655BD15B20238D4500D69EA2 /* VOYThemeListViewController.xib */,
				436C994C2049BC0600915A13 /* VOYThemeListPresenter.swift */,
				436C994E2049BC2800915A13 /* VOYThemeListContract.swift */,
			);
			path = ThemeList;
			sourceTree = "<group>";
		};
		655BD15520238B0F00D69EA2 /* Cell */ = {
			isa = PBXGroup;
			children = (
				655BD15620238B0F00D69EA2 /* VOYThemeTableViewCell.xib */,
				655BD15720238B0F00D69EA2 /* VOYThemeTableViewCell.swift */,
			);
			path = Cell;
			sourceTree = "<group>";
		};
		655BD1602023987D00D69EA2 /* Notification */ = {
			isa = PBXGroup;
			children = (
				4376E7962051C9A900F83FF5 /* Cell */,
				655BD1612023989600D69EA2 /* VOYNotificationViewController.swift */,
				655BD1622023989600D69EA2 /* VOYNotificationViewController.xib */,
				4376E78E2051C83100F83FF5 /* VOYNotificationPresenter.swift */,
				4376E7902051C8D800F83FF5 /* VOYNotificationContract.swift */,
			);
			path = Notification;
			sourceTree = "<group>";
		};
		655BD16B2024CC4A00D69EA2 /* ReportList */ = {
			isa = PBXGroup;
			children = (
				655BD1702024CE4600D69EA2 /* Cell */,
				655BD16C2024CC5F00D69EA2 /* VOYReportListViewController.swift */,
				655BD16D2024CC5F00D69EA2 /* VOYReportListViewController.xib */,
				01EBF72E2053160E00D4EF10 /* VOYReportListPresenter.swift */,
				01EBF7302053162400D4EF10 /* VOYReportListContract.swift */,
			);
			path = ReportList;
			sourceTree = "<group>";
		};
		655BD1702024CE4600D69EA2 /* Cell */ = {
			isa = PBXGroup;
			children = (
				655BD1712024CE6500D69EA2 /* VOYReportTableViewCell.swift */,
				655BD1722024CE6500D69EA2 /* VOYReportTableViewCell.xib */,
			);
			path = Cell;
			sourceTree = "<group>";
		};
		655BD1792024E73C00D69EA2 /* Account */ = {
			isa = PBXGroup;
			children = (
				655BD17E2024F7AC00D69EA2 /* Cell */,
				655BD17A2024E74B00D69EA2 /* VOYAccountViewController.swift */,
				655BD17B2024E74B00D69EA2 /* VOYAccountViewController.xib */,
				655BD1872024FFD700D69EA2 /* VOYAvatarCollectionViewProvider.swift */,
				436C993D2049979900915A13 /* VOYAccountContract.swift */,
				436C993F204997F100915A13 /* VOYAccountPresenter.swift */,
			);
			path = Account;
			sourceTree = "<group>";
		};
		655BD17E2024F7AC00D69EA2 /* Cell */ = {
			isa = PBXGroup;
			children = (
				655BD1832024F87100D69EA2 /* VOYAvatarCollectionViewCell.swift */,
				655BD1842024F87100D69EA2 /* VOYAvatarCollectionViewCell.xib */,
			);
			path = Cell;
			sourceTree = "<group>";
		};
		655BD1932028EC7F00D69EA2 /* Comment */ = {
			isa = PBXGroup;
			children = (
				655BD1942028EC9000D69EA2 /* Cell */,
				655BD1992028ECFC00D69EA2 /* VOYCommentViewController.swift */,
				655BD19A2028ECFC00D69EA2 /* VOYCommentViewController.xib */,
				436C99592049D79800915A13 /* VOYCommentContract.swift */,
				436C995B2049D7B000915A13 /* VOYCommentPresenter.swift */,
			);
			path = Comment;
			sourceTree = "<group>";
		};
		655BD1942028EC9000D69EA2 /* Cell */ = {
			isa = PBXGroup;
			children = (
				655BD1952028ECB700D69EA2 /* VOYCommentTableViewCell.swift */,
				655BD1962028ECB800D69EA2 /* VOYCommentTableViewCell.xib */,
			);
			path = Cell;
			sourceTree = "<group>";
		};
		657C3F6C203768BB0077F07B /* Manager */ = {
			isa = PBXGroup;
			children = (
				657C3F6D203768D90077F07B /* VOYLocationManager.swift */,
			);
			path = Manager;
			sourceTree = "<group>";
		};
		65AF3803202E404900D64CE4 /* DataBindComponents */ = {
			isa = PBXGroup;
			children = (
				65B2EAD4203C97A500BD84C6 /* DataBindGrowingTextView.swift */,
				65CA064D203C5C66009A936A /* DataBindRestConfiguration.swift */,
				65CA064C203C5C66009A936A /* DataBindOnDemandTableView.swift */,
				65CA064B203C5C66009A936A /* DataBindOnDemandTableViewCell.swift */,
				65CA064E203C5C67009A936A /* DataBindOnDemandTableViewInteractor.swift */,
				65AF3804202E406100D64CE4 /* DataBindScrollViewPageSwift.swift */,
			);
			path = DataBindComponents;
			sourceTree = "<group>";
		};
		65C7B5DD202B4C19003087EB /* Models */ = {
			isa = PBXGroup;
			children = (
				65C7B5DE202B4D3A003087EB /* VOYTheme.swift */,
				65C7B5EC202B948E003087EB /* VOYReport.swift */,
				6565FBE3202CB7D30047F8D8 /* VOYMedia.swift */,
				65AF37F3202E0ED400D64CE4 /* VOYProject.swift */,
				65AF37F5202E105400D64CE4 /* VOYUser.swift */,
				657C3F75203B762A0077F07B /* VOYCameraData.swift */,
				65B0F58120447D3300237088 /* VOYComment.swift */,
				433DE1C82052C33C00966BE1 /* VOYNotification.swift */,
			);
			path = Models;
			sourceTree = "<group>";
		};
		65F345FA2020A87A00AC5437 = {
			isa = PBXGroup;
			children = (
				65F346052020A87A00AC5437 /* Voy */,
				010D1413205C5A6F0048182D /* VoyTests */,
				65F346042020A87A00AC5437 /* Products */,
				C719BE0786B50BD4697C92B9 /* Pods */,
				E41BF611D24D11A81D73B236 /* Frameworks */,
			);
			sourceTree = "<group>";
		};
		65F346042020A87A00AC5437 /* Products */ = {
			isa = PBXGroup;
			children = (
				65F346032020A87A00AC5437 /* Voy.app */,
				010D1412205C5A6F0048182D /* VoyTests.xctest */,
			);
			name = Products;
			sourceTree = "<group>";
		};
		65F346052020A87A00AC5437 /* Voy */ = {
			isa = PBXGroup;
			children = (
				65D73B5B203F03B50055F1A8 /* Voy.entitlements */,
				65F346342020B23A00AC5437 /* Classes */,
				65F346062020A87A00AC5437 /* AppDelegate.swift */,
				65F3460D2020A87A00AC5437 /* Assets.xcassets */,
				65F3460F2020A87A00AC5437 /* LaunchScreen.storyboard */,
				65F346122020A87A00AC5437 /* Info.plist */,
				01EBF71A204F216200D4EF10 /* Localizable.strings */,
			);
			path = Voy;
			sourceTree = "<group>";
		};
		65F346342020B23A00AC5437 /* Classes */ = {
			isa = PBXGroup;
			children = (
				01EBF71E2051C3E300D4EF10 /* Data */,
				01EBF713204EB7BA00D4EF10 /* Extensions */,
				657C3F6C203768BB0077F07B /* Manager */,
				65AF3803202E404900D64CE4 /* DataBindComponents */,
				65C7B5DD202B4C19003087EB /* Models */,
				655BD1202020E4E500D69EA2 /* Utils */,
				65F3463F2020B80F00AC5437 /* Views */,
				65F346352020B24500AC5437 /* Controllers */,
			);
			path = Classes;
			sourceTree = "<group>";
		};
		65F346352020B24500AC5437 /* Controllers */ = {
			isa = PBXGroup;
			children = (
				655BD1932028EC7F00D69EA2 /* Comment */,
				655BD1792024E73C00D69EA2 /* Account */,
				655BD16B2024CC4A00D69EA2 /* ReportList */,
				655BD1602023987D00D69EA2 /* Notification */,
				655BD15020238AD800D69EA2 /* ThemeList */,
				655BD12C202112F600D69EA2 /* AddReport */,
				655BD12B202112F600D69EA2 /* ReportDetail */,
				655BD1232020F2D200D69EA2 /* Alert */,
				65F346362020B25400AC5437 /* Login */,
			);
			path = Controllers;
			sourceTree = "<group>";
		};
		65F346362020B25400AC5437 /* Login */ = {
			isa = PBXGroup;
			children = (
				65F3463B2020B58A00AC5437 /* VOYLoginViewController.swift */,
				65F3463C2020B58A00AC5437 /* VOYLoginViewController.xib */,
				437BD1A520487C8F00EC5661 /* VOYLoginPresenter.swift */,
				437BD1AC2048891300EC5661 /* VOYLoginContract.swift */,
			);
			path = Login;
			sourceTree = "<group>";
		};
		65F3463F2020B80F00AC5437 /* Views */ = {
			isa = PBXGroup;
			children = (
				65F346402020B82B00AC5437 /* VOYTextFieldView.swift */,
				65F346412020B82B00AC5437 /* VOYTextFieldView.xib */,
				655BD131202118CB00D69EA2 /* VOYAddMediaView.swift */,
				655BD132202118CB00D69EA2 /* VOYAddMediaView.xib */,
				655BD14820237BD100D69EA2 /* VOYInfoView.swift */,
				655BD14920237BD100D69EA2 /* VOYInfoView.xib */,
				655BD16720248C6C00D69EA2 /* VOYSelectedReportView.swift */,
				655BD16820248C6C00D69EA2 /* VOYSelectedReportView.xib */,
				655BD18F2028C50400D69EA2 /* VOYPlayMediaView.swift */,
				655BD1902028C50400D69EA2 /* VOYPlayMediaView.xib */,
				65F6994A202A1CB400BFCF0C /* VOYTextView.swift */,
				65F6994B202A1CB400BFCF0C /* VOYTextView.xib */,
			);
			path = Views;
			sourceTree = "<group>";
		};
		AF287ED8205AB61900296A22 /* ReportList */ = {
			isa = PBXGroup;
			children = (
				AF287EDB205AB65100296A22 /* VOYReportListRepository.swift */,
				AF287EDD205AB66000296A22 /* VOYReportListDataSource.swift */,
			);
			path = ReportList;
			sourceTree = "<group>";
		};
		C719BE0786B50BD4697C92B9 /* Pods */ = {
			isa = PBXGroup;
			children = (
				A3774A32A2AA74A335CD6885 /* Pods-Voy.debug.xcconfig */,
				B50D70A526449FB3324B7983 /* Pods-Voy.release.xcconfig */,
				1C63B2E9849D938061D8A8BB /* Pods-VoyTests.debug.xcconfig */,
				09E6F9A93ABF9A8CD9032B8F /* Pods-VoyTests.release.xcconfig */,
				6BA92341A1C7FC405623FD46 /* Pods-VoyUITests.debug.xcconfig */,
				5C5F78CC110E27296AC6C772 /* Pods-VoyUITests.release.xcconfig */,
			);
			name = Pods;
			sourceTree = "<group>";
		};
		E41BF611D24D11A81D73B236 /* Frameworks */ = {
			isa = PBXGroup;
			children = (
				1E550C0C568807F52623837F /* Pods_Voy.framework */,
				ABF132ADC4EF1DA114732EB6 /* Pods_VoyTests.framework */,
				33E4711F114752F9A169B817 /* Pods_VoyUITests.framework */,
			);
			name = Frameworks;
			sourceTree = "<group>";
		};
/* End PBXGroup section */

/* Begin PBXNativeTarget section */
		010D1411205C5A6F0048182D /* VoyTests */ = {
			isa = PBXNativeTarget;
			buildConfigurationList = 010D141B205C5A700048182D /* Build configuration list for PBXNativeTarget "VoyTests" */;
			buildPhases = (
				1151F7CE9513E0EA8FC65CB2 /* [CP] Check Pods Manifest.lock */,
				010D140E205C5A6F0048182D /* Sources */,
				010D140F205C5A6F0048182D /* Frameworks */,
				010D1410205C5A6F0048182D /* Resources */,
				074005E5D1D5FC242DB2503E /* [CP] Embed Pods Frameworks */,
				03A2B77CE14839695A499E7C /* [CP] Copy Pods Resources */,
			);
			buildRules = (
			);
			dependencies = (
				010D1418205C5A6F0048182D /* PBXTargetDependency */,
			);
			name = VoyTests;
			productName = VoyTests;
			productReference = 010D1412205C5A6F0048182D /* VoyTests.xctest */;
			productType = "com.apple.product-type.bundle.unit-test";
		};
		65F346022020A87A00AC5437 /* Voy */ = {
			isa = PBXNativeTarget;
			buildConfigurationList = 65F3462B2020A87B00AC5437 /* Build configuration list for PBXNativeTarget "Voy" */;
			buildPhases = (
				06B3FEA5D74FC835DD497ED6 /* [CP] Check Pods Manifest.lock */,
				65F345FF2020A87A00AC5437 /* Sources */,
				65F346002020A87A00AC5437 /* Frameworks */,
				65F346012020A87A00AC5437 /* Resources */,
				42DA7F30FB556E98FC231194 /* [CP] Embed Pods Frameworks */,
				494ADE4FC227B84A4C04B30D /* [CP] Copy Pods Resources */,
				01EBF71D205070B100D4EF10 /* Swiftlint */,
			);
			buildRules = (
			);
			dependencies = (
			);
			name = Voy;
			productName = Voy;
			productReference = 65F346032020A87A00AC5437 /* Voy.app */;
			productType = "com.apple.product-type.application";
		};
/* End PBXNativeTarget section */

/* Begin PBXProject section */
		65F345FB2020A87A00AC5437 /* Project object */ = {
			isa = PBXProject;
			attributes = {
				CLASSPREFIX = VOY;
				LastSwiftUpdateCheck = 0920;
				LastUpgradeCheck = 0920;
				ORGANIZATIONNAME = Ilhasoft;
				TargetAttributes = {
					010D1411205C5A6F0048182D = {
						CreatedOnToolsVersion = 9.2;
						ProvisioningStyle = Automatic;
						TestTargetID = 65F346022020A87A00AC5437;
					};
					65F346022020A87A00AC5437 = {
						CreatedOnToolsVersion = 9.2;
						ProvisioningStyle = Automatic;
						SystemCapabilities = {
							com.apple.Push = {
								enabled = 0;
							};
						};
					};
				};
			};
			buildConfigurationList = 65F345FE2020A87A00AC5437 /* Build configuration list for PBXProject "Voy" */;
			compatibilityVersion = "Xcode 8.0";
			developmentRegion = en;
			hasScannedForEncodings = 0;
			knownRegions = (
				en,
				Base,
			);
			mainGroup = 65F345FA2020A87A00AC5437;
			productRefGroup = 65F346042020A87A00AC5437 /* Products */;
			projectDirPath = "";
			projectRoot = "";
			targets = (
				65F346022020A87A00AC5437 /* Voy */,
				010D1411205C5A6F0048182D /* VoyTests */,
			);
		};
/* End PBXProject section */

/* Begin PBXResourcesBuildPhase section */
		010D1410205C5A6F0048182D /* Resources */ = {
			isa = PBXResourcesBuildPhase;
			buildActionMask = 2147483647;
			files = (
			);
			runOnlyForDeploymentPostprocessing = 0;
		};
		65F346012020A87A00AC5437 /* Resources */ = {
			isa = PBXResourcesBuildPhase;
			buildActionMask = 2147483647;
			files = (
				65F346432020B82B00AC5437 /* VOYTextFieldView.xib in Resources */,
				65F3463E2020B58A00AC5437 /* VOYLoginViewController.xib in Resources */,
				655BD16A20248C6C00D69EA2 /* VOYSelectedReportView.xib in Resources */,
				655BD1272020F3C100D69EA2 /* VOYAlertViewController.xib in Resources */,
				01EBF718204F216200D4EF10 /* Localizable.strings in Resources */,
				655BD1742024CE6500D69EA2 /* VOYReportTableViewCell.xib in Resources */,
				65F346112020A87A00AC5437 /* LaunchScreen.storyboard in Resources */,
				655BD14B20237BD100D69EA2 /* VOYInfoView.xib in Resources */,
				655BD14520233FEB00D69EA2 /* VOYAddReportTagsViewController.xib in Resources */,
				65F6994D202A1CB400BFCF0C /* VOYTextView.xib in Resources */,
				655BD1982028ECB800D69EA2 /* VOYCommentTableViewCell.xib in Resources */,
				655BD18E202885C800D69EA2 /* VOYReportDetailViewController.xib in Resources */,
				65F3460E2020A87A00AC5437 /* Assets.xcassets in Resources */,
				655BD1642023989600D69EA2 /* VOYNotificationViewController.xib in Resources */,
				4376E79A2051C9C300F83FF5 /* VOYNotificationTableViewCell.xib in Resources */,
				655BD1412022439000D69EA2 /* VOYLinkTableViewCell.xib in Resources */,
				655BD17D2024E74B00D69EA2 /* VOYAccountViewController.xib in Resources */,
				655BD1302021148800D69EA2 /* VOYAddReportAttachViewController.xib in Resources */,
				655BD134202118CB00D69EA2 /* VOYAddMediaView.xib in Resources */,
				655BD15820238B1000D69EA2 /* VOYThemeTableViewCell.xib in Resources */,
				655BD16F2024CC5F00D69EA2 /* VOYReportListViewController.xib in Resources */,
				655BD1922028C50400D69EA2 /* VOYPlayMediaView.xib in Resources */,
				655BD15D20238D4500D69EA2 /* VOYThemeListViewController.xib in Resources */,
				655BD1862024F87100D69EA2 /* VOYAvatarCollectionViewCell.xib in Resources */,
				655BD14F20237EC600D69EA2 /* VOYAddReportSuccessViewController.xib in Resources */,
				655BD13820220D5000D69EA2 /* VOYActionSheetViewController.xib in Resources */,
				655BD19C2028ECFC00D69EA2 /* VOYCommentViewController.xib in Resources */,
				655BD13C2022396700D69EA2 /* VOYAddReportDataViewController.xib in Resources */,
			);
			runOnlyForDeploymentPostprocessing = 0;
		};
/* End PBXResourcesBuildPhase section */

/* Begin PBXShellScriptBuildPhase section */
		01EBF71D205070B100D4EF10 /* Swiftlint */ = {
			isa = PBXShellScriptBuildPhase;
			buildActionMask = 2147483647;
			files = (
			);
			inputPaths = (
			);
			name = Swiftlint;
			outputPaths = (
			);
			runOnlyForDeploymentPostprocessing = 0;
			shellPath = /bin/sh;
			shellScript = "if which swiftlint >/dev/null; then\n    swiftlint\nelse\n    echo \"warning: SwiftLint not installed, download from https://github.com/realm/SwiftLint\"\nfi";
		};
		03A2B77CE14839695A499E7C /* [CP] Copy Pods Resources */ = {
			isa = PBXShellScriptBuildPhase;
			buildActionMask = 2147483647;
			files = (
			);
			inputPaths = (
			);
			name = "[CP] Copy Pods Resources";
			outputPaths = (
			);
			runOnlyForDeploymentPostprocessing = 0;
			shellPath = /bin/sh;
			shellScript = "\"${SRCROOT}/Pods/Target Support Files/Pods-VoyTests/Pods-VoyTests-resources.sh\"\n";
			showEnvVarsInLog = 0;
		};
		06B3FEA5D74FC835DD497ED6 /* [CP] Check Pods Manifest.lock */ = {
			isa = PBXShellScriptBuildPhase;
			buildActionMask = 2147483647;
			files = (
			);
			inputPaths = (
				"${PODS_PODFILE_DIR_PATH}/Podfile.lock",
				"${PODS_ROOT}/Manifest.lock",
			);
			name = "[CP] Check Pods Manifest.lock";
			outputPaths = (
				"$(DERIVED_FILE_DIR)/Pods-Voy-checkManifestLockResult.txt",
			);
			runOnlyForDeploymentPostprocessing = 0;
			shellPath = /bin/sh;
			shellScript = "diff \"${PODS_PODFILE_DIR_PATH}/Podfile.lock\" \"${PODS_ROOT}/Manifest.lock\" > /dev/null\nif [ $? != 0 ] ; then\n    # print error to STDERR\n    echo \"error: The sandbox is not in sync with the Podfile.lock. Run 'pod install' or update your CocoaPods installation.\" >&2\n    exit 1\nfi\n# This output is used by Xcode 'outputs' to avoid re-running this script phase.\necho \"SUCCESS\" > \"${SCRIPT_OUTPUT_FILE_0}\"\n";
			showEnvVarsInLog = 0;
		};
		074005E5D1D5FC242DB2503E /* [CP] Embed Pods Frameworks */ = {
			isa = PBXShellScriptBuildPhase;
			buildActionMask = 2147483647;
			files = (
			);
			inputPaths = (
				"${SRCROOT}/Pods/Target Support Files/Pods-VoyTests/Pods-VoyTests-frameworks.sh",
				"${BUILT_PRODUCTS_DIR}/AXPhotoViewer/AXPhotoViewer.framework",
				"${BUILT_PRODUCTS_DIR}/AXStateButton/AXStateButton.framework",
				"${BUILT_PRODUCTS_DIR}/Alamofire/Alamofire.framework",
				"${BUILT_PRODUCTS_DIR}/AlamofireObjectMapper/AlamofireObjectMapper.framework",
				"${BUILT_PRODUCTS_DIR}/DataBindSwift/DataBindSwift.framework",
				"${BUILT_PRODUCTS_DIR}/DropDown/DropDown.framework",
				"${BUILT_PRODUCTS_DIR}/FLAnimatedImage/FLAnimatedImage.framework",
				"${BUILT_PRODUCTS_DIR}/GrowingTextView/GrowingTextView.framework",
				"${BUILT_PRODUCTS_DIR}/ISOnDemandCollectionView/ISOnDemandCollectionView.framework",
				"${BUILT_PRODUCTS_DIR}/ISOnDemandTableView/ISOnDemandTableView.framework",
				"${BUILT_PRODUCTS_DIR}/ISScrollViewPageSwift/ISScrollViewPageSwift.framework",
				"${BUILT_PRODUCTS_DIR}/Kingfisher/Kingfisher.framework",
				"${BUILT_PRODUCTS_DIR}/NVActivityIndicatorView/NVActivityIndicatorView.framework",
				"${BUILT_PRODUCTS_DIR}/ObjectMapper/ObjectMapper.framework",
				"${BUILT_PRODUCTS_DIR}/SlideMenuControllerSwift/SlideMenuControllerSwift.framework",
				"${BUILT_PRODUCTS_DIR}/TPKeyboardAvoiding/TPKeyboardAvoiding.framework",
				"${BUILT_PRODUCTS_DIR}/TagListView/TagListView.framework",
			);
			name = "[CP] Embed Pods Frameworks";
			outputPaths = (
				"${TARGET_BUILD_DIR}/${FRAMEWORKS_FOLDER_PATH}/AXPhotoViewer.framework",
				"${TARGET_BUILD_DIR}/${FRAMEWORKS_FOLDER_PATH}/AXStateButton.framework",
				"${TARGET_BUILD_DIR}/${FRAMEWORKS_FOLDER_PATH}/Alamofire.framework",
				"${TARGET_BUILD_DIR}/${FRAMEWORKS_FOLDER_PATH}/AlamofireObjectMapper.framework",
				"${TARGET_BUILD_DIR}/${FRAMEWORKS_FOLDER_PATH}/DataBindSwift.framework",
				"${TARGET_BUILD_DIR}/${FRAMEWORKS_FOLDER_PATH}/DropDown.framework",
				"${TARGET_BUILD_DIR}/${FRAMEWORKS_FOLDER_PATH}/FLAnimatedImage.framework",
				"${TARGET_BUILD_DIR}/${FRAMEWORKS_FOLDER_PATH}/GrowingTextView.framework",
				"${TARGET_BUILD_DIR}/${FRAMEWORKS_FOLDER_PATH}/ISOnDemandCollectionView.framework",
				"${TARGET_BUILD_DIR}/${FRAMEWORKS_FOLDER_PATH}/ISOnDemandTableView.framework",
				"${TARGET_BUILD_DIR}/${FRAMEWORKS_FOLDER_PATH}/ISScrollViewPageSwift.framework",
				"${TARGET_BUILD_DIR}/${FRAMEWORKS_FOLDER_PATH}/Kingfisher.framework",
				"${TARGET_BUILD_DIR}/${FRAMEWORKS_FOLDER_PATH}/NVActivityIndicatorView.framework",
				"${TARGET_BUILD_DIR}/${FRAMEWORKS_FOLDER_PATH}/ObjectMapper.framework",
				"${TARGET_BUILD_DIR}/${FRAMEWORKS_FOLDER_PATH}/SlideMenuControllerSwift.framework",
				"${TARGET_BUILD_DIR}/${FRAMEWORKS_FOLDER_PATH}/TPKeyboardAvoiding.framework",
				"${TARGET_BUILD_DIR}/${FRAMEWORKS_FOLDER_PATH}/TagListView.framework",
			);
			runOnlyForDeploymentPostprocessing = 0;
			shellPath = /bin/sh;
			shellScript = "\"${SRCROOT}/Pods/Target Support Files/Pods-VoyTests/Pods-VoyTests-frameworks.sh\"\n";
			showEnvVarsInLog = 0;
		};
		1151F7CE9513E0EA8FC65CB2 /* [CP] Check Pods Manifest.lock */ = {
			isa = PBXShellScriptBuildPhase;
			buildActionMask = 2147483647;
			files = (
			);
			inputPaths = (
				"${PODS_PODFILE_DIR_PATH}/Podfile.lock",
				"${PODS_ROOT}/Manifest.lock",
			);
			name = "[CP] Check Pods Manifest.lock";
			outputPaths = (
				"$(DERIVED_FILE_DIR)/Pods-VoyTests-checkManifestLockResult.txt",
			);
			runOnlyForDeploymentPostprocessing = 0;
			shellPath = /bin/sh;
			shellScript = "diff \"${PODS_PODFILE_DIR_PATH}/Podfile.lock\" \"${PODS_ROOT}/Manifest.lock\" > /dev/null\nif [ $? != 0 ] ; then\n    # print error to STDERR\n    echo \"error: The sandbox is not in sync with the Podfile.lock. Run 'pod install' or update your CocoaPods installation.\" >&2\n    exit 1\nfi\n# This output is used by Xcode 'outputs' to avoid re-running this script phase.\necho \"SUCCESS\" > \"${SCRIPT_OUTPUT_FILE_0}\"\n";
			showEnvVarsInLog = 0;
		};
		42DA7F30FB556E98FC231194 /* [CP] Embed Pods Frameworks */ = {
			isa = PBXShellScriptBuildPhase;
			buildActionMask = 2147483647;
			files = (
			);
			inputPaths = (
				"${SRCROOT}/Pods/Target Support Files/Pods-Voy/Pods-Voy-frameworks.sh",
				"${BUILT_PRODUCTS_DIR}/AXPhotoViewer/AXPhotoViewer.framework",
				"${BUILT_PRODUCTS_DIR}/AXStateButton/AXStateButton.framework",
				"${BUILT_PRODUCTS_DIR}/Alamofire/Alamofire.framework",
				"${BUILT_PRODUCTS_DIR}/AlamofireObjectMapper/AlamofireObjectMapper.framework",
				"${BUILT_PRODUCTS_DIR}/DataBindSwift/DataBindSwift.framework",
				"${BUILT_PRODUCTS_DIR}/DropDown/DropDown.framework",
				"${BUILT_PRODUCTS_DIR}/FLAnimatedImage/FLAnimatedImage.framework",
				"${BUILT_PRODUCTS_DIR}/GrowingTextView/GrowingTextView.framework",
				"${BUILT_PRODUCTS_DIR}/ISOnDemandCollectionView/ISOnDemandCollectionView.framework",
				"${BUILT_PRODUCTS_DIR}/ISOnDemandTableView/ISOnDemandTableView.framework",
				"${BUILT_PRODUCTS_DIR}/ISScrollViewPageSwift/ISScrollViewPageSwift.framework",
				"${BUILT_PRODUCTS_DIR}/Kingfisher/Kingfisher.framework",
				"${BUILT_PRODUCTS_DIR}/NVActivityIndicatorView/NVActivityIndicatorView.framework",
				"${BUILT_PRODUCTS_DIR}/ObjectMapper/ObjectMapper.framework",
				"${BUILT_PRODUCTS_DIR}/SlideMenuControllerSwift/SlideMenuControllerSwift.framework",
				"${BUILT_PRODUCTS_DIR}/TPKeyboardAvoiding/TPKeyboardAvoiding.framework",
				"${BUILT_PRODUCTS_DIR}/TagListView/TagListView.framework",
			);
			name = "[CP] Embed Pods Frameworks";
			outputPaths = (
				"${TARGET_BUILD_DIR}/${FRAMEWORKS_FOLDER_PATH}/AXPhotoViewer.framework",
				"${TARGET_BUILD_DIR}/${FRAMEWORKS_FOLDER_PATH}/AXStateButton.framework",
				"${TARGET_BUILD_DIR}/${FRAMEWORKS_FOLDER_PATH}/Alamofire.framework",
				"${TARGET_BUILD_DIR}/${FRAMEWORKS_FOLDER_PATH}/AlamofireObjectMapper.framework",
				"${TARGET_BUILD_DIR}/${FRAMEWORKS_FOLDER_PATH}/DataBindSwift.framework",
				"${TARGET_BUILD_DIR}/${FRAMEWORKS_FOLDER_PATH}/DropDown.framework",
				"${TARGET_BUILD_DIR}/${FRAMEWORKS_FOLDER_PATH}/FLAnimatedImage.framework",
				"${TARGET_BUILD_DIR}/${FRAMEWORKS_FOLDER_PATH}/GrowingTextView.framework",
				"${TARGET_BUILD_DIR}/${FRAMEWORKS_FOLDER_PATH}/ISOnDemandCollectionView.framework",
				"${TARGET_BUILD_DIR}/${FRAMEWORKS_FOLDER_PATH}/ISOnDemandTableView.framework",
				"${TARGET_BUILD_DIR}/${FRAMEWORKS_FOLDER_PATH}/ISScrollViewPageSwift.framework",
				"${TARGET_BUILD_DIR}/${FRAMEWORKS_FOLDER_PATH}/Kingfisher.framework",
				"${TARGET_BUILD_DIR}/${FRAMEWORKS_FOLDER_PATH}/NVActivityIndicatorView.framework",
				"${TARGET_BUILD_DIR}/${FRAMEWORKS_FOLDER_PATH}/ObjectMapper.framework",
				"${TARGET_BUILD_DIR}/${FRAMEWORKS_FOLDER_PATH}/SlideMenuControllerSwift.framework",
				"${TARGET_BUILD_DIR}/${FRAMEWORKS_FOLDER_PATH}/TPKeyboardAvoiding.framework",
				"${TARGET_BUILD_DIR}/${FRAMEWORKS_FOLDER_PATH}/TagListView.framework",
			);
			runOnlyForDeploymentPostprocessing = 0;
			shellPath = /bin/sh;
			shellScript = "\"${SRCROOT}/Pods/Target Support Files/Pods-Voy/Pods-Voy-frameworks.sh\"\n";
			showEnvVarsInLog = 0;
		};
		494ADE4FC227B84A4C04B30D /* [CP] Copy Pods Resources */ = {
			isa = PBXShellScriptBuildPhase;
			buildActionMask = 2147483647;
			files = (
			);
			inputPaths = (
			);
			name = "[CP] Copy Pods Resources";
			outputPaths = (
			);
			runOnlyForDeploymentPostprocessing = 0;
			shellPath = /bin/sh;
			shellScript = "\"${SRCROOT}/Pods/Target Support Files/Pods-Voy/Pods-Voy-resources.sh\"\n";
			showEnvVarsInLog = 0;
		};
/* End PBXShellScriptBuildPhase section */

/* Begin PBXSourcesBuildPhase section */
		010D140E205C5A6F0048182D /* Sources */ = {
			isa = PBXSourcesBuildPhase;
			buildActionMask = 2147483647;
			files = (
				010D1415205C5A6F0048182D /* VoyTests.swift in Sources */,
			);
			runOnlyForDeploymentPostprocessing = 0;
		};
		65F345FF2020A87A00AC5437 /* Sources */ = {
			isa = PBXSourcesBuildPhase;
			buildActionMask = 2147483647;
			files = (
				655BD15C20238D4500D69EA2 /* VOYThemeListViewController.swift in Sources */,
				655BD12F2021148800D69EA2 /* VOYAddReportAttachViewController.swift in Sources */,
				655BD18D202885C800D69EA2 /* VOYReportDetailViewController.swift in Sources */,
				655BD1262020F3C100D69EA2 /* VOYAlertViewController.swift in Sources */,
				65CA0650203C5C67009A936A /* DataBindOnDemandTableView.swift in Sources */,
				655BD1292020F53400D69EA2 /* ISModalViewController.swift in Sources */,
				65C7B5DF202B4D3A003087EB /* VOYTheme.swift in Sources */,
				65F3463D2020B58A00AC5437 /* VOYLoginViewController.swift in Sources */,
				4376E765205163B700F83FF5 /* VOYAddReportAttachContract.swift in Sources */,
				436C9940204997F100915A13 /* VOYAccountPresenter.swift in Sources */,
				AF287EDC205AB65100296A22 /* VOYReportListRepository.swift in Sources */,
				65D73B5F204046840055F1A8 /* VOYMediaDownloadManager.swift in Sources */,
				4376E7912051C8D800F83FF5 /* VOYNotificationContract.swift in Sources */,
				436C993B204996A300915A13 /* VOYLoginDataSource.swift in Sources */,
				65D73B56203EEF400055F1A8 /* UIView.swift in Sources */,
				436C994B2049BB2D00915A13 /* VOYThemeListRepository.swift in Sources */,
				655BD1402022439000D69EA2 /* VOYLinkTableViewCell.swift in Sources */,
				436C9936204991ED00915A13 /* VOYReachability.swift in Sources */,
				655BD133202118CB00D69EA2 /* VOYAddMediaView.swift in Sources */,
				65B2EAD5203C97A500BD84C6 /* DataBindGrowingTextView.swift in Sources */,
				65D73B52203DF7A00055F1A8 /* String.swift in Sources */,
				436C99432049989800915A13 /* VOYAccountDataSource.swift in Sources */,
				655BD1972028ECB800D69EA2 /* VOYCommentTableViewCell.swift in Sources */,
				6565FBE4202CB7D30047F8D8 /* VOYMedia.swift in Sources */,
				655BD16E2024CC5F00D69EA2 /* VOYReportListViewController.swift in Sources */,
				01EBF7312053162400D4EF10 /* VOYReportListContract.swift in Sources */,
				436C995A2049D79800915A13 /* VOYCommentContract.swift in Sources */,
				655BD14720234A4A00D69EA2 /* VOYConstant.swift in Sources */,
				4371B68E204F1D8300D83454 /* VOYMediaFileRepository.swift in Sources */,
				01609EFF205AD848008735EB /* VOYAddReportAttachPresenter.swift in Sources */,
				01EBF715204EB7D800D4EF10 /* UIFont.swift in Sources */,
				4376E7992051C9C300F83FF5 /* VOYNotificationTableViewCell.swift in Sources */,
				655BD1222020E4FA00D69EA2 /* UIColor.swift in Sources */,
				65B2EAE7203DC2ED00BD84C6 /* VOYReportStorageManager.swift in Sources */,
				65B0F58220447D3300237088 /* VOYComment.swift in Sources */,
				436C99492049BB1900915A13 /* VOYThemeListDataSource.swift in Sources */,
				655BD13B2022396700D69EA2 /* VOYAddReportDataViewController.swift in Sources */,
				655BD18A2028841100D69EA2 /* UIViewController.swift in Sources */,
				436C994D2049BC0600915A13 /* VOYThemeListPresenter.swift in Sources */,
				655BD17C2024E74B00D69EA2 /* VOYAccountViewController.swift in Sources */,
				AF287EDE205AB66000296A22 /* VOYReportListDataSource.swift in Sources */,
				0103F5A5205861380093E0F5 /* VOYReportDetailPresenter.swift in Sources */,
				65D73B58203EF4280055F1A8 /* VOYFileUtil.swift in Sources */,
				436C9938204992A200915A13 /* VOYReachabilityImpl.swift in Sources */,
				65C7B5ED202B948E003087EB /* VOYReport.swift in Sources */,
				655BD13720220D5000D69EA2 /* VOYActionSheetViewController.swift in Sources */,
				433DE1C72052AD0C00966BE1 /* VOYNotificationRepository.swift in Sources */,
				655BD16920248C6C00D69EA2 /* VOYSelectedReportView.swift in Sources */,
				65CA0651203C5C67009A936A /* DataBindRestConfiguration.swift in Sources */,
				65F6994C202A1CB400BFCF0C /* VOYTextView.swift in Sources */,
				655BD1912028C50400D69EA2 /* VOYPlayMediaView.swift in Sources */,
				436C99562049D74E00915A13 /* VOYCommentDataSource.swift in Sources */,
				65AF37F4202E0ED400D64CE4 /* VOYProject.swift in Sources */,
				4371B690204F1D9E00D83454 /* VOYAddReportDataSource.swift in Sources */,
				65F346072020A87A00AC5437 /* AppDelegate.swift in Sources */,
				436C994520499A4400915A13 /* VOYAccountRepository.swift in Sources */,
				436C99582049D76600915A13 /* VOYCommentRepository.swift in Sources */,
				4371B692204F1DB700D83454 /* VOYMediaFileDataSource.swift in Sources */,
				4371B696204F257600D83454 /* VOYAddReportTagsContract.swift in Sources */,
				655BD19B2028ECFC00D69EA2 /* VOYCommentViewController.swift in Sources */,
				65CA064F203C5C67009A936A /* DataBindOnDemandTableViewCell.swift in Sources */,
				65CA0652203C5C67009A936A /* DataBindOnDemandTableViewInteractor.swift in Sources */,
				655BD1732024CE6500D69EA2 /* VOYReportTableViewCell.swift in Sources */,
				437BD1AD2048891300EC5661 /* VOYLoginContract.swift in Sources */,
				436C995C2049D7B000915A13 /* VOYCommentPresenter.swift in Sources */,
				4371B694204F256300D83454 /* VOYAddReportTagsPresenter.swift in Sources */,
				657C3F72203B71DC0077F07B /* ISVideoUtil.swift in Sources */,
				657C3F6E203768D90077F07B /* VOYLocationManager.swift in Sources */,
				437BD1A620487C8F00EC5661 /* VOYLoginPresenter.swift in Sources */,
				436C993E2049979900915A13 /* VOYAccountContract.swift in Sources */,
				436C994F2049BC2800915A13 /* VOYThemeListContract.swift in Sources */,
				65AF3805202E406100D64CE4 /* DataBindScrollViewPageSwift.swift in Sources */,
				65AF37F6202E105400D64CE4 /* VOYUser.swift in Sources */,
				65F699492028FAE400BFCF0C /* ISOndemandTableView.swift in Sources */,
				65D73B50203DF45E0055F1A8 /* VOYReportSyncManager.swift in Sources */,
				655BD1852024F87100D69EA2 /* VOYAvatarCollectionViewCell.swift in Sources */,
				655BD14420233FEB00D69EA2 /* VOYAddReportTagsViewController.swift in Sources */,
				65D73B5A203EF9A00055F1A8 /* VOYCameraDataStorageManager.swift in Sources */,
				655BD14E20237EC600D69EA2 /* VOYAddReportSuccessViewController.swift in Sources */,
				65F346422020B82B00AC5437 /* VOYTextFieldView.swift in Sources */,
				01EBF7222051C44A00D4EF10 /* VOYNetworkClient.swift in Sources */,
				655BD1882024FFD700D69EA2 /* VOYAvatarCollectionViewProvider.swift in Sources */,
				655BD14A20237BD100D69EA2 /* VOYInfoView.swift in Sources */,
				433DE1C62052AD0C00966BE1 /* VOYNotificationDataSource.swift in Sources */,
				0103F5A7205861960093E0F5 /* VOYReportDetailContract.swift in Sources */,
				01EBF71C204F295600D4EF10 /* VOYLocalizable.swift in Sources */,
				655BD1632023989600D69EA2 /* VOYNotificationViewController.swift in Sources */,
				65AF37FA202E15B600D64CE4 /* UserDefaultsExtension.swift in Sources */,
				4371B68C204F1D6300D83454 /* VOYAddReportRepository.swift in Sources */,
				436C993C204996A300915A13 /* VOYLoginRepository.swift in Sources */,
				433DE1C92052C33C00966BE1 /* VOYNotification.swift in Sources */,
				655BD15920238B1000D69EA2 /* VOYThemeTableViewCell.swift in Sources */,
				01EBF72F2053160E00D4EF10 /* VOYReportListPresenter.swift in Sources */,
				657C3F74203B72990077F07B /* VOYAddReportAttachViewCameraExtension.swift in Sources */,
				4376E78F2051C83100F83FF5 /* VOYNotificationPresenter.swift in Sources */,
				657C3F76203B762A0077F07B /* VOYCameraData.swift in Sources */,
			);
			runOnlyForDeploymentPostprocessing = 0;
		};
/* End PBXSourcesBuildPhase section */

/* Begin PBXTargetDependency section */
		010D1418205C5A6F0048182D /* PBXTargetDependency */ = {
			isa = PBXTargetDependency;
			target = 65F346022020A87A00AC5437 /* Voy */;
			targetProxy = 010D1417205C5A6F0048182D /* PBXContainerItemProxy */;
		};
/* End PBXTargetDependency section */

/* Begin PBXVariantGroup section */
		01EBF71A204F216200D4EF10 /* Localizable.strings */ = {
			isa = PBXVariantGroup;
			children = (
				01EBF719204F216200D4EF10 /* en */,
			);
			name = Localizable.strings;
			sourceTree = "<group>";
		};
		65F3460F2020A87A00AC5437 /* LaunchScreen.storyboard */ = {
			isa = PBXVariantGroup;
			children = (
				65F346102020A87A00AC5437 /* Base */,
			);
			name = LaunchScreen.storyboard;
			sourceTree = "<group>";
		};
/* End PBXVariantGroup section */

/* Begin XCBuildConfiguration section */
		010D1419205C5A6F0048182D /* Debug */ = {
			isa = XCBuildConfiguration;
			baseConfigurationReference = 1C63B2E9849D938061D8A8BB /* Pods-VoyTests.debug.xcconfig */;
			buildSettings = {
				BUNDLE_LOADER = "$(TEST_HOST)";
				CODE_SIGN_STYLE = Automatic;
				INFOPLIST_FILE = VoyTests/Info.plist;
				LD_RUNPATH_SEARCH_PATHS = "$(inherited) @executable_path/Frameworks @loader_path/Frameworks";
				PRODUCT_BUNDLE_IDENTIFIER = br.com.ilhasoft.VoyTests;
				PRODUCT_NAME = "$(TARGET_NAME)";
				SWIFT_VERSION = 4.0;
				TARGETED_DEVICE_FAMILY = "1,2";
				TEST_HOST = "$(BUILT_PRODUCTS_DIR)/Voy.app/Voy";
			};
			name = Debug;
		};
		010D141A205C5A6F0048182D /* Release */ = {
			isa = XCBuildConfiguration;
			baseConfigurationReference = 09E6F9A93ABF9A8CD9032B8F /* Pods-VoyTests.release.xcconfig */;
			buildSettings = {
				BUNDLE_LOADER = "$(TEST_HOST)";
				CODE_SIGN_STYLE = Automatic;
				INFOPLIST_FILE = VoyTests/Info.plist;
				LD_RUNPATH_SEARCH_PATHS = "$(inherited) @executable_path/Frameworks @loader_path/Frameworks";
				PRODUCT_BUNDLE_IDENTIFIER = br.com.ilhasoft.VoyTests;
				PRODUCT_NAME = "$(TARGET_NAME)";
				SWIFT_VERSION = 4.0;
				TARGETED_DEVICE_FAMILY = "1,2";
				TEST_HOST = "$(BUILT_PRODUCTS_DIR)/Voy.app/Voy";
			};
			name = Release;
		};
		65F346292020A87B00AC5437 /* Debug */ = {
			isa = XCBuildConfiguration;
			buildSettings = {
				ALWAYS_SEARCH_USER_PATHS = NO;
				CLANG_ANALYZER_NONNULL = YES;
				CLANG_ANALYZER_NUMBER_OBJECT_CONVERSION = YES_AGGRESSIVE;
				CLANG_CXX_LANGUAGE_STANDARD = "gnu++14";
				CLANG_CXX_LIBRARY = "libc++";
				CLANG_ENABLE_MODULES = YES;
				CLANG_ENABLE_OBJC_ARC = YES;
				CLANG_WARN_BLOCK_CAPTURE_AUTORELEASING = YES;
				CLANG_WARN_BOOL_CONVERSION = YES;
				CLANG_WARN_COMMA = YES;
				CLANG_WARN_CONSTANT_CONVERSION = YES;
				CLANG_WARN_DIRECT_OBJC_ISA_USAGE = YES_ERROR;
				CLANG_WARN_DOCUMENTATION_COMMENTS = YES;
				CLANG_WARN_EMPTY_BODY = YES;
				CLANG_WARN_ENUM_CONVERSION = YES;
				CLANG_WARN_INFINITE_RECURSION = YES;
				CLANG_WARN_INT_CONVERSION = YES;
				CLANG_WARN_NON_LITERAL_NULL_CONVERSION = YES;
				CLANG_WARN_OBJC_LITERAL_CONVERSION = YES;
				CLANG_WARN_OBJC_ROOT_CLASS = YES_ERROR;
				CLANG_WARN_RANGE_LOOP_ANALYSIS = YES;
				CLANG_WARN_STRICT_PROTOTYPES = YES;
				CLANG_WARN_SUSPICIOUS_MOVE = YES;
				CLANG_WARN_UNGUARDED_AVAILABILITY = YES_AGGRESSIVE;
				CLANG_WARN_UNREACHABLE_CODE = YES;
				CLANG_WARN__DUPLICATE_METHOD_MATCH = YES;
				CODE_SIGN_IDENTITY = "iPhone Developer";
				COPY_PHASE_STRIP = NO;
				DEBUG_INFORMATION_FORMAT = dwarf;
				ENABLE_STRICT_OBJC_MSGSEND = YES;
				ENABLE_TESTABILITY = YES;
				GCC_C_LANGUAGE_STANDARD = gnu11;
				GCC_DYNAMIC_NO_PIC = NO;
				GCC_NO_COMMON_BLOCKS = YES;
				GCC_OPTIMIZATION_LEVEL = 0;
				GCC_PREPROCESSOR_DEFINITIONS = (
					"DEBUG=1",
					"$(inherited)",
				);
				GCC_WARN_64_TO_32_BIT_CONVERSION = YES;
				GCC_WARN_ABOUT_RETURN_TYPE = YES_ERROR;
				GCC_WARN_UNDECLARED_SELECTOR = YES;
				GCC_WARN_UNINITIALIZED_AUTOS = YES_AGGRESSIVE;
				GCC_WARN_UNUSED_FUNCTION = YES;
				GCC_WARN_UNUSED_VARIABLE = YES;
				IPHONEOS_DEPLOYMENT_TARGET = 11.2;
				MTL_ENABLE_DEBUG_INFO = YES;
				ONLY_ACTIVE_ARCH = YES;
				SDKROOT = iphoneos;
				SWIFT_ACTIVE_COMPILATION_CONDITIONS = DEBUG;
				SWIFT_OPTIMIZATION_LEVEL = "-Onone";
			};
			name = Debug;
		};
		65F3462A2020A87B00AC5437 /* Release */ = {
			isa = XCBuildConfiguration;
			buildSettings = {
				ALWAYS_SEARCH_USER_PATHS = NO;
				CLANG_ANALYZER_NONNULL = YES;
				CLANG_ANALYZER_NUMBER_OBJECT_CONVERSION = YES_AGGRESSIVE;
				CLANG_CXX_LANGUAGE_STANDARD = "gnu++14";
				CLANG_CXX_LIBRARY = "libc++";
				CLANG_ENABLE_MODULES = YES;
				CLANG_ENABLE_OBJC_ARC = YES;
				CLANG_WARN_BLOCK_CAPTURE_AUTORELEASING = YES;
				CLANG_WARN_BOOL_CONVERSION = YES;
				CLANG_WARN_COMMA = YES;
				CLANG_WARN_CONSTANT_CONVERSION = YES;
				CLANG_WARN_DIRECT_OBJC_ISA_USAGE = YES_ERROR;
				CLANG_WARN_DOCUMENTATION_COMMENTS = YES;
				CLANG_WARN_EMPTY_BODY = YES;
				CLANG_WARN_ENUM_CONVERSION = YES;
				CLANG_WARN_INFINITE_RECURSION = YES;
				CLANG_WARN_INT_CONVERSION = YES;
				CLANG_WARN_NON_LITERAL_NULL_CONVERSION = YES;
				CLANG_WARN_OBJC_LITERAL_CONVERSION = YES;
				CLANG_WARN_OBJC_ROOT_CLASS = YES_ERROR;
				CLANG_WARN_RANGE_LOOP_ANALYSIS = YES;
				CLANG_WARN_STRICT_PROTOTYPES = YES;
				CLANG_WARN_SUSPICIOUS_MOVE = YES;
				CLANG_WARN_UNGUARDED_AVAILABILITY = YES_AGGRESSIVE;
				CLANG_WARN_UNREACHABLE_CODE = YES;
				CLANG_WARN__DUPLICATE_METHOD_MATCH = YES;
				CODE_SIGN_IDENTITY = "iPhone Developer";
				COPY_PHASE_STRIP = NO;
				DEBUG_INFORMATION_FORMAT = "dwarf-with-dsym";
				ENABLE_NS_ASSERTIONS = NO;
				ENABLE_STRICT_OBJC_MSGSEND = YES;
				GCC_C_LANGUAGE_STANDARD = gnu11;
				GCC_NO_COMMON_BLOCKS = YES;
				GCC_WARN_64_TO_32_BIT_CONVERSION = YES;
				GCC_WARN_ABOUT_RETURN_TYPE = YES_ERROR;
				GCC_WARN_UNDECLARED_SELECTOR = YES;
				GCC_WARN_UNINITIALIZED_AUTOS = YES_AGGRESSIVE;
				GCC_WARN_UNUSED_FUNCTION = YES;
				GCC_WARN_UNUSED_VARIABLE = YES;
				IPHONEOS_DEPLOYMENT_TARGET = 11.2;
				MTL_ENABLE_DEBUG_INFO = NO;
				SDKROOT = iphoneos;
				SWIFT_OPTIMIZATION_LEVEL = "-Owholemodule";
				VALIDATE_PRODUCT = YES;
			};
			name = Release;
		};
		65F3462C2020A87B00AC5437 /* Debug */ = {
			isa = XCBuildConfiguration;
			baseConfigurationReference = A3774A32A2AA74A335CD6885 /* Pods-Voy.debug.xcconfig */;
			buildSettings = {
				ASSETCATALOG_COMPILER_APPICON_NAME = AppIcon;
				CODE_SIGN_STYLE = Automatic;
				DEVELOPMENT_TEAM = URW25ECJ7Y;
				INFOPLIST_FILE = Voy/Info.plist;
				IPHONEOS_DEPLOYMENT_TARGET = 10.0;
				LD_RUNPATH_SEARCH_PATHS = "$(inherited) @executable_path/Frameworks";
				PRODUCT_BUNDLE_IDENTIFIER = br.com.ilhasoft.Voy;
				PRODUCT_NAME = "$(TARGET_NAME)";
				SWIFT_VERSION = 4.0;
				TARGETED_DEVICE_FAMILY = 1;
			};
			name = Debug;
		};
		65F3462D2020A87B00AC5437 /* Release */ = {
			isa = XCBuildConfiguration;
			baseConfigurationReference = B50D70A526449FB3324B7983 /* Pods-Voy.release.xcconfig */;
			buildSettings = {
				ASSETCATALOG_COMPILER_APPICON_NAME = AppIcon;
				CODE_SIGN_STYLE = Automatic;
				DEVELOPMENT_TEAM = 4HQH8A7243;
				INFOPLIST_FILE = Voy/Info.plist;
				IPHONEOS_DEPLOYMENT_TARGET = 10.0;
				LD_RUNPATH_SEARCH_PATHS = "$(inherited) @executable_path/Frameworks";
				PRODUCT_BUNDLE_IDENTIFIER = io.github.dielsonsales.Voy;
				PRODUCT_NAME = "$(TARGET_NAME)";
				SWIFT_VERSION = 4.0;
				TARGETED_DEVICE_FAMILY = 1;
			};
			name = Release;
		};
/* End XCBuildConfiguration section */

/* Begin XCConfigurationList section */
		010D141B205C5A700048182D /* Build configuration list for PBXNativeTarget "VoyTests" */ = {
			isa = XCConfigurationList;
			buildConfigurations = (
				010D1419205C5A6F0048182D /* Debug */,
				010D141A205C5A6F0048182D /* Release */,
			);
			defaultConfigurationIsVisible = 0;
			defaultConfigurationName = Release;
		};
		65F345FE2020A87A00AC5437 /* Build configuration list for PBXProject "Voy" */ = {
			isa = XCConfigurationList;
			buildConfigurations = (
				65F346292020A87B00AC5437 /* Debug */,
				65F3462A2020A87B00AC5437 /* Release */,
			);
			defaultConfigurationIsVisible = 0;
			defaultConfigurationName = Release;
		};
		65F3462B2020A87B00AC5437 /* Build configuration list for PBXNativeTarget "Voy" */ = {
			isa = XCConfigurationList;
			buildConfigurations = (
				65F3462C2020A87B00AC5437 /* Debug */,
				65F3462D2020A87B00AC5437 /* Release */,
			);
			defaultConfigurationIsVisible = 0;
			defaultConfigurationName = Release;
		};
/* End XCConfigurationList section */
	};
	rootObject = 65F345FB2020A87A00AC5437 /* Project object */;
}
